
Microsoft Visual Studio Solution File, Format Version 12.00
# Visual Studio Version 17
VisualStudioVersion = 17.5.33414.496
MinimumVisualStudioVersion = 10.0.40219.1
Project("{9A19103F-16F7-4668-BE54-9A1E7A4F7556}") = "DefiningClasses", "DefiningClasses\DefiningClasses.csproj", "{9CEC1513-91CF-4AA9-98CD-EA4DC7E95A4A}"
EndProject
Project("{9A19103F-16F7-4668-BE54-9A1E7A4F7556}") = "SpeedRacing", "SpeedRacing\SpeedRacing.csproj", "{49E5FAC8-F07C-47A4-A455-8294FE73B972}"
EndProject
Project("{FAE04EC0-301F-11D3-BF4B-00C04F79EFBC}") = "RawData", "RawData\RawData.csproj", "{60B929A6-A9D8-4704-813C-07F21DB0C4A3}"
EndProject
Global
	GlobalSection(SolutionConfigurationPlatforms) = preSolution
		Debug|Any CPU = Debug|Any CPU
		Release|Any CPU = Release|Any CPU
	EndGlobalSection
	GlobalSection(ProjectConfigurationPlatforms) = postSolution
		{9CEC1513-91CF-4AA9-98CD-EA4DC7E95A4A}.Debug|Any CPU.ActiveCfg = Debug|Any CPU
		{9CEC1513-91CF-4AA9-98CD-EA4DC7E95A4A}.Debug|Any CPU.Build.0 = Debug|Any CPU
		{9CEC1513-91CF-4AA9-98CD-EA4DC7E95A4A}.Release|Any CPU.ActiveCfg = Release|Any CPU
		{9CEC1513-91CF-4AA9-98CD-EA4DC7E95A4A}.Release|Any CPU.Build.0 = Release|Any CPU
		{49E5FAC8-F07C-47A4-A455-8294FE73B972}.Debug|Any CPU.ActiveCfg = Debug|Any CPU
		{49E5FAC8-F07C-47A4-A455-8294FE73B972}.Debug|Any CPU.Build.0 = Debug|Any CPU
		{49E5FAC8-F07C-47A4-A455-8294FE73B972}.Release|Any CPU.ActiveCfg = Release|Any CPU
		{49E5FAC8-F07C-47A4-A455-8294FE73B972}.Release|Any CPU.Build.0 = Release|Any CPU
		{60B929A6-A9D8-4704-813C-07F21DB0C4A3}.Debug|Any CPU.ActiveCfg = Debug|Any CPU
		{60B929A6-A9D8-4704-813C-07F21DB0C4A3}.Debug|Any CPU.Build.0 = Debug|Any CPU
		{60B929A6-A9D8-4704-813C-07F21DB0C4A3}.Release|Any CPU.ActiveCfg = Release|Any CPU
		{60B929A6-A9D8-4704-813C-07F21DB0C4A3}.Release|Any CPU.Build.0 = Release|Any CPU
	EndGlobalSection
	GlobalSection(SolutionProperties) = preSolution
		HideSolutionNode = FALSE
	EndGlobalSection
	GlobalSection(ExtensibilityGlobals) = postSolution
		SolutionGuid = {83C2E042-0BC5-415D-960A-4651A8E29BDE}
	EndGlobalSection
EndGlobal
