
Microsoft Visual Studio Solution File, Format Version 12.00
# Visual Studio Version 17
VisualStudioVersion = 17.11.35312.102
MinimumVisualStudioVersion = 10.0.40219.1
Project("{FAE04EC0-301F-11D3-BF4B-00C04F79EFBC}") = "01.Shapes", "01.Shapes\01.Shapes.csproj", "{908CC720-BDE9-4DFD-8C75-37321CDED4F4}"
EndProject
Project("{FAE04EC0-301F-11D3-BF4B-00C04F79EFBC}") = "Cars", "Cars\Cars.csproj", "{C83F9345-4DDD-4916-ADB4-73A7BD08C326}"
EndProject
Global
	GlobalSection(SolutionConfigurationPlatforms) = preSolution
		Debug|Any CPU = Debug|Any CPU
		Release|Any CPU = Release|Any CPU
	EndGlobalSection
	GlobalSection(ProjectConfigurationPlatforms) = postSolution
		{908CC720-BDE9-4DFD-8C75-37321CDED4F4}.Debug|Any CPU.ActiveCfg = Debug|Any CPU
		{908CC720-BDE9-4DFD-8C75-37321CDED4F4}.Debug|Any CPU.Build.0 = Debug|Any CPU
		{908CC720-BDE9-4DFD-8C75-37321CDED4F4}.Release|Any CPU.ActiveCfg = Release|Any CPU
		{908CC720-BDE9-4DFD-8C75-37321CDED4F4}.Release|Any CPU.Build.0 = Release|Any CPU
		{C83F9345-4DDD-4916-ADB4-73A7BD08C326}.Debug|Any CPU.ActiveCfg = Debug|Any CPU
		{C83F9345-4DDD-4916-ADB4-73A7BD08C326}.Debug|Any CPU.Build.0 = Debug|Any CPU
		{C83F9345-4DDD-4916-ADB4-73A7BD08C326}.Release|Any CPU.ActiveCfg = Release|Any CPU
		{C83F9345-4DDD-4916-ADB4-73A7BD08C326}.Release|Any CPU.Build.0 = Release|Any CPU
	EndGlobalSection
	GlobalSection(SolutionProperties) = preSolution
		HideSolutionNode = FALSE
	EndGlobalSection
	GlobalSection(ExtensibilityGlobals) = postSolution
		SolutionGuid = {4833AF7E-BB5F-408E-B2B1-4D7346504BEA}
	EndGlobalSection
EndGlobal
