
Microsoft Visual Studio Solution File, Format Version 12.00
# Visual Studio Version 17
VisualStudioVersion = 17.6.33723.286
MinimumVisualStudioVersion = 10.0.40219.1
Project("{9A19103F-16F7-4668-BE54-9A1E7A4F7556}") = "PersonInfo", "PersonInfo\PersonInfo.csproj", "{9991ADA8-9C5D-4EF7-B366-6521CB4F8D6B}"
EndProject
Project("{9A19103F-16F7-4668-BE54-9A1E7A4F7556}") = "Telephony", "Telephony\Telephony.csproj", "{A3C9C839-D4B5-489A-B552-31F113C410EB}"
EndProject
Project("{9A19103F-16F7-4668-BE54-9A1E7A4F7556}") = "BorderControl", "BorderControl\BorderControl.csproj", "{BC83F07E-5CE1-4D78-8A57-9C9762949ED5}"
EndProject
Project("{FAE04EC0-301F-11D3-BF4B-00C04F79EFBC}") = "MilitaryElite", "MilitaryElite\MilitaryElite.csproj", "{14104C26-DD18-4F2D-94D4-B37AE468B9DE}"
EndProject
Global
	GlobalSection(SolutionConfigurationPlatforms) = preSolution
		Debug|Any CPU = Debug|Any CPU
		Release|Any CPU = Release|Any CPU
	EndGlobalSection
	GlobalSection(ProjectConfigurationPlatforms) = postSolution
		{9991ADA8-9C5D-4EF7-B366-6521CB4F8D6B}.Debug|Any CPU.ActiveCfg = Debug|Any CPU
		{9991ADA8-9C5D-4EF7-B366-6521CB4F8D6B}.Debug|Any CPU.Build.0 = Debug|Any CPU
		{9991ADA8-9C5D-4EF7-B366-6521CB4F8D6B}.Release|Any CPU.ActiveCfg = Release|Any CPU
		{9991ADA8-9C5D-4EF7-B366-6521CB4F8D6B}.Release|Any CPU.Build.0 = Release|Any CPU
		{A3C9C839-D4B5-489A-B552-31F113C410EB}.Debug|Any CPU.ActiveCfg = Debug|Any CPU
		{A3C9C839-D4B5-489A-B552-31F113C410EB}.Debug|Any CPU.Build.0 = Debug|Any CPU
		{A3C9C839-D4B5-489A-B552-31F113C410EB}.Release|Any CPU.ActiveCfg = Release|Any CPU
		{A3C9C839-D4B5-489A-B552-31F113C410EB}.Release|Any CPU.Build.0 = Release|Any CPU
		{BC83F07E-5CE1-4D78-8A57-9C9762949ED5}.Debug|Any CPU.ActiveCfg = Debug|Any CPU
		{BC83F07E-5CE1-4D78-8A57-9C9762949ED5}.Debug|Any CPU.Build.0 = Debug|Any CPU
		{BC83F07E-5CE1-4D78-8A57-9C9762949ED5}.Release|Any CPU.ActiveCfg = Release|Any CPU
		{BC83F07E-5CE1-4D78-8A57-9C9762949ED5}.Release|Any CPU.Build.0 = Release|Any CPU
		{14104C26-DD18-4F2D-94D4-B37AE468B9DE}.Debug|Any CPU.ActiveCfg = Debug|Any CPU
		{14104C26-DD18-4F2D-94D4-B37AE468B9DE}.Debug|Any CPU.Build.0 = Debug|Any CPU
		{14104C26-DD18-4F2D-94D4-B37AE468B9DE}.Release|Any CPU.ActiveCfg = Release|Any CPU
		{14104C26-DD18-4F2D-94D4-B37AE468B9DE}.Release|Any CPU.Build.0 = Release|Any CPU
	EndGlobalSection
	GlobalSection(SolutionProperties) = preSolution
		HideSolutionNode = FALSE
	EndGlobalSection
	GlobalSection(ExtensibilityGlobals) = postSolution
		SolutionGuid = {594EF2DC-82B9-4C3B-B95F-046DA989258E}
	EndGlobalSection
EndGlobal
