
Microsoft Visual Studio Solution File, Format Version 12.00
# Visual Studio Version 17
VisualStudioVersion = 17.11.35312.102
MinimumVisualStudioVersion = 10.0.40219.1
Project("{9A19103F-16F7-4668-BE54-9A1E7A4F7556}") = "MathOperation", "MathOperation\MathOperation.csproj", "{2EBC9784-8D66-4DA1-BA43-97948E6333A8}"
EndProject
Project("{FAE04EC0-301F-11D3-BF4B-00C04F79EFBC}") = "Animals", "Animals\Animals.csproj", "{B5C14FD4-1BB5-4B04-AB0E-3349F239B0E1}"
EndProject
Project("{FAE04EC0-301F-11D3-BF4B-00C04F79EFBC}") = "Shapes", "Shapes\Shapes.csproj", "{48F3BA7B-615B-47D5-813D-5D74E1952DB5}"
EndProject
Global
	GlobalSection(SolutionConfigurationPlatforms) = preSolution
		Debug|Any CPU = Debug|Any CPU
		Release|Any CPU = Release|Any CPU
	EndGlobalSection
	GlobalSection(ProjectConfigurationPlatforms) = postSolution
		{2EBC9784-8D66-4DA1-BA43-97948E6333A8}.Debug|Any CPU.ActiveCfg = Debug|Any CPU
		{2EBC9784-8D66-4DA1-BA43-97948E6333A8}.Debug|Any CPU.Build.0 = Debug|Any CPU
		{2EBC9784-8D66-4DA1-BA43-97948E6333A8}.Release|Any CPU.ActiveCfg = Release|Any CPU
		{2EBC9784-8D66-4DA1-BA43-97948E6333A8}.Release|Any CPU.Build.0 = Release|Any CPU
		{B5C14FD4-1BB5-4B04-AB0E-3349F239B0E1}.Debug|Any CPU.ActiveCfg = Debug|Any CPU
		{B5C14FD4-1BB5-4B04-AB0E-3349F239B0E1}.Debug|Any CPU.Build.0 = Debug|Any CPU
		{B5C14FD4-1BB5-4B04-AB0E-3349F239B0E1}.Release|Any CPU.ActiveCfg = Release|Any CPU
		{B5C14FD4-1BB5-4B04-AB0E-3349F239B0E1}.Release|Any CPU.Build.0 = Release|Any CPU
		{48F3BA7B-615B-47D5-813D-5D74E1952DB5}.Debug|Any CPU.ActiveCfg = Debug|Any CPU
		{48F3BA7B-615B-47D5-813D-5D74E1952DB5}.Debug|Any CPU.Build.0 = Debug|Any CPU
		{48F3BA7B-615B-47D5-813D-5D74E1952DB5}.Release|Any CPU.ActiveCfg = Release|Any CPU
		{48F3BA7B-615B-47D5-813D-5D74E1952DB5}.Release|Any CPU.Build.0 = Release|Any CPU
	EndGlobalSection
	GlobalSection(SolutionProperties) = preSolution
		HideSolutionNode = FALSE
	EndGlobalSection
	GlobalSection(ExtensibilityGlobals) = postSolution
		SolutionGuid = {1B4316BA-AFFD-469D-A2F6-38578DCBFE88}
	EndGlobalSection
EndGlobal
