
Microsoft Visual Studio Solution File, Format Version 12.00
# Visual Studio Version 17
VisualStudioVersion = 17.4.33103.184
MinimumVisualStudioVersion = 10.0.40219.1
Project("{9A19103F-16F7-4668-BE54-9A1E7A4F7556}") = "1. Diagonal Difference", "1. Diagonal Difference\1. Diagonal Difference.csproj", "{BB36F0F7-7DBC-4D7D-9C70-79F82C1DFA2C}"
EndProject
Project("{9A19103F-16F7-4668-BE54-9A1E7A4F7556}") = "2. Squares in Matrix", "2. Squares in Matrix\2. Squares in Matrix.csproj", "{A9BACFA8-C5C2-414D-96CA-FCB9B3376B26}"
EndProject
Project("{FAE04EC0-301F-11D3-BF4B-00C04F79EFBC}") = "3. Maximal Sum", "3. Maximal Sum\3. Maximal Sum.csproj", "{BA3C5D01-33DC-442A-902D-A9A66F1C6F8F}"
EndProject
Project("{FAE04EC0-301F-11D3-BF4B-00C04F79EFBC}") = "4. Matrix Shuffling", "4. Matrix Shuffling\4. Matrix Shuffling.csproj", "{45D72C38-909F-4A75-AA98-8EBD79D1E3F5}"
EndProject
Global
	GlobalSection(SolutionConfigurationPlatforms) = preSolution
		Debug|Any CPU = Debug|Any CPU
		Release|Any CPU = Release|Any CPU
	EndGlobalSection
	GlobalSection(ProjectConfigurationPlatforms) = postSolution
		{BB36F0F7-7DBC-4D7D-9C70-79F82C1DFA2C}.Debug|Any CPU.ActiveCfg = Debug|Any CPU
		{BB36F0F7-7DBC-4D7D-9C70-79F82C1DFA2C}.Debug|Any CPU.Build.0 = Debug|Any CPU
		{BB36F0F7-7DBC-4D7D-9C70-79F82C1DFA2C}.Release|Any CPU.ActiveCfg = Release|Any CPU
		{BB36F0F7-7DBC-4D7D-9C70-79F82C1DFA2C}.Release|Any CPU.Build.0 = Release|Any CPU
		{A9BACFA8-C5C2-414D-96CA-FCB9B3376B26}.Debug|Any CPU.ActiveCfg = Debug|Any CPU
		{A9BACFA8-C5C2-414D-96CA-FCB9B3376B26}.Debug|Any CPU.Build.0 = Debug|Any CPU
		{A9BACFA8-C5C2-414D-96CA-FCB9B3376B26}.Release|Any CPU.ActiveCfg = Release|Any CPU
		{A9BACFA8-C5C2-414D-96CA-FCB9B3376B26}.Release|Any CPU.Build.0 = Release|Any CPU
		{BA3C5D01-33DC-442A-902D-A9A66F1C6F8F}.Debug|Any CPU.ActiveCfg = Debug|Any CPU
		{BA3C5D01-33DC-442A-902D-A9A66F1C6F8F}.Debug|Any CPU.Build.0 = Debug|Any CPU
		{BA3C5D01-33DC-442A-902D-A9A66F1C6F8F}.Release|Any CPU.ActiveCfg = Release|Any CPU
		{BA3C5D01-33DC-442A-902D-A9A66F1C6F8F}.Release|Any CPU.Build.0 = Release|Any CPU
		{45D72C38-909F-4A75-AA98-8EBD79D1E3F5}.Debug|Any CPU.ActiveCfg = Debug|Any CPU
		{45D72C38-909F-4A75-AA98-8EBD79D1E3F5}.Debug|Any CPU.Build.0 = Debug|Any CPU
		{45D72C38-909F-4A75-AA98-8EBD79D1E3F5}.Release|Any CPU.ActiveCfg = Release|Any CPU
		{45D72C38-909F-4A75-AA98-8EBD79D1E3F5}.Release|Any CPU.Build.0 = Release|Any CPU
	EndGlobalSection
	GlobalSection(SolutionProperties) = preSolution
		HideSolutionNode = FALSE
	EndGlobalSection
	GlobalSection(ExtensibilityGlobals) = postSolution
		SolutionGuid = {4A50042E-A89F-44B5-94B1-EF930DA8B385}
	EndGlobalSection
EndGlobal
