
Microsoft Visual Studio Solution File, Format Version 12.00
# Visual Studio Version 17
VisualStudioVersion = 17.11.35312.102
MinimumVisualStudioVersion = 10.0.40219.1
Project("{9A19103F-16F7-4668-BE54-9A1E7A4F7556}") = "Vehicles", "Vehicles\Vehicles.csproj", "{BE25BF31-0459-4A2F-A3A2-DF602EDA0211}"
EndProject
Project("{FAE04EC0-301F-11D3-BF4B-00C04F79EFBC}") = "Raiding", "Raiding\Raiding.csproj", "{348318B0-9420-49F0-A90D-C044B4F5A233}"
EndProject
Project("{FAE04EC0-301F-11D3-BF4B-00C04F79EFBC}") = "WildFarm", "WildFarm\WildFarm.csproj", "{D19B93CA-33CD-495B-9B99-669D3E63A3BB}"
EndProject
Global
	GlobalSection(SolutionConfigurationPlatforms) = preSolution
		Debug|Any CPU = Debug|Any CPU
		Release|Any CPU = Release|Any CPU
	EndGlobalSection
	GlobalSection(ProjectConfigurationPlatforms) = postSolution
		{BE25BF31-0459-4A2F-A3A2-DF602EDA0211}.Debug|Any CPU.ActiveCfg = Debug|Any CPU
		{BE25BF31-0459-4A2F-A3A2-DF602EDA0211}.Debug|Any CPU.Build.0 = Debug|Any CPU
		{BE25BF31-0459-4A2F-A3A2-DF602EDA0211}.Release|Any CPU.ActiveCfg = Release|Any CPU
		{BE25BF31-0459-4A2F-A3A2-DF602EDA0211}.Release|Any CPU.Build.0 = Release|Any CPU
		{348318B0-9420-49F0-A90D-C044B4F5A233}.Debug|Any CPU.ActiveCfg = Debug|Any CPU
		{348318B0-9420-49F0-A90D-C044B4F5A233}.Debug|Any CPU.Build.0 = Debug|Any CPU
		{348318B0-9420-49F0-A90D-C044B4F5A233}.Release|Any CPU.ActiveCfg = Release|Any CPU
		{348318B0-9420-49F0-A90D-C044B4F5A233}.Release|Any CPU.Build.0 = Release|Any CPU
		{D19B93CA-33CD-495B-9B99-669D3E63A3BB}.Debug|Any CPU.ActiveCfg = Debug|Any CPU
		{D19B93CA-33CD-495B-9B99-669D3E63A3BB}.Debug|Any CPU.Build.0 = Debug|Any CPU
		{D19B93CA-33CD-495B-9B99-669D3E63A3BB}.Release|Any CPU.ActiveCfg = Release|Any CPU
		{D19B93CA-33CD-495B-9B99-669D3E63A3BB}.Release|Any CPU.Build.0 = Release|Any CPU
	EndGlobalSection
	GlobalSection(SolutionProperties) = preSolution
		HideSolutionNode = FALSE
	EndGlobalSection
	GlobalSection(ExtensibilityGlobals) = postSolution
		SolutionGuid = {27153F67-3BC7-4029-AA7D-2736D6D94473}
	EndGlobalSection
EndGlobal
