
Microsoft Visual Studio Solution File, Format Version 12.00
# Visual Studio Version 17
VisualStudioVersion = 17.8.34309.116
MinimumVisualStudioVersion = 10.0.40219.1
Project("{9A19103F-16F7-4668-BE54-9A1E7A4F7556}") = "P01_StudentSystem", "P01_StudentSystem\P01_StudentSystem.csproj", "{2A084422-C880-4B17-B406-B6A2B61C27AC}"
EndProject
Project("{2150E333-8FDC-42A3-9474-1A3956D46DE8}") = "StudentSystem", "StudentSystem", "{DCDC0500-9203-4EE3-A80A-91748DB0111D}"
EndProject
Project("{FAE04EC0-301F-11D3-BF4B-00C04F79EFBC}") = "FootballBetting", "FootballBetting\FootballBetting.csproj", "{A013231F-818C-4D41-AD0B-A5E8CD36B7BF}"
EndProject
Project("{FAE04EC0-301F-11D3-BF4B-00C04F79EFBC}") = "FootballBetting.Data", "FootballBetting.Data\FootballBetting.Data.csproj", "{6C354B78-ACAF-4B05-9EC0-006177F4DC27}"
EndProject
Project("{FAE04EC0-301F-11D3-BF4B-00C04F79EFBC}") = "FootballBetting.Models", "FootballBetting.Models\FootballBetting.Models.csproj", "{8C89F8BE-2B69-4A1C-AAE2-31831A4FB366}"
EndProject
Global
	GlobalSection(SolutionConfigurationPlatforms) = preSolution
		Debug|Any CPU = Debug|Any CPU
		Release|Any CPU = Release|Any CPU
	EndGlobalSection
	GlobalSection(ProjectConfigurationPlatforms) = postSolution
		{2A084422-C880-4B17-B406-B6A2B61C27AC}.Debug|Any CPU.ActiveCfg = Debug|Any CPU
		{2A084422-C880-4B17-B406-B6A2B61C27AC}.Debug|Any CPU.Build.0 = Debug|Any CPU
		{2A084422-C880-4B17-B406-B6A2B61C27AC}.Release|Any CPU.ActiveCfg = Release|Any CPU
		{2A084422-C880-4B17-B406-B6A2B61C27AC}.Release|Any CPU.Build.0 = Release|Any CPU
		{A013231F-818C-4D41-AD0B-A5E8CD36B7BF}.Debug|Any CPU.ActiveCfg = Debug|Any CPU
		{A013231F-818C-4D41-AD0B-A5E8CD36B7BF}.Debug|Any CPU.Build.0 = Debug|Any CPU
		{A013231F-818C-4D41-AD0B-A5E8CD36B7BF}.Release|Any CPU.ActiveCfg = Release|Any CPU
		{A013231F-818C-4D41-AD0B-A5E8CD36B7BF}.Release|Any CPU.Build.0 = Release|Any CPU
		{6C354B78-ACAF-4B05-9EC0-006177F4DC27}.Debug|Any CPU.ActiveCfg = Debug|Any CPU
		{6C354B78-ACAF-4B05-9EC0-006177F4DC27}.Debug|Any CPU.Build.0 = Debug|Any CPU
		{6C354B78-ACAF-4B05-9EC0-006177F4DC27}.Release|Any CPU.ActiveCfg = Release|Any CPU
		{6C354B78-ACAF-4B05-9EC0-006177F4DC27}.Release|Any CPU.Build.0 = Release|Any CPU
		{8C89F8BE-2B69-4A1C-AAE2-31831A4FB366}.Debug|Any CPU.ActiveCfg = Debug|Any CPU
		{8C89F8BE-2B69-4A1C-AAE2-31831A4FB366}.Debug|Any CPU.Build.0 = Debug|Any CPU
		{8C89F8BE-2B69-4A1C-AAE2-31831A4FB366}.Release|Any CPU.ActiveCfg = Release|Any CPU
		{8C89F8BE-2B69-4A1C-AAE2-31831A4FB366}.Release|Any CPU.Build.0 = Release|Any CPU
	EndGlobalSection
	GlobalSection(SolutionProperties) = preSolution
		HideSolutionNode = FALSE
	EndGlobalSection
	GlobalSection(NestedProjects) = preSolution
		{2A084422-C880-4B17-B406-B6A2B61C27AC} = {DCDC0500-9203-4EE3-A80A-91748DB0111D}
	EndGlobalSection
	GlobalSection(ExtensibilityGlobals) = postSolution
		SolutionGuid = {271D2A7D-4454-4077-888D-BBB104EC246D}
	EndGlobalSection
EndGlobal
