
Microsoft Visual Studio Solution File, Format Version 12.00
# Visual Studio Version 17
VisualStudioVersion = 17.1.32210.238
MinimumVisualStudioVersion = 10.0.40219.1
Project("{FAE04EC0-301F-11D3-BF4B-00C04F79EFBC}") = "01. Smallest of Three Numbers", "01. Smallest of Three Numbers\01. Smallest of Three Numbers.csproj", "{1ED07705-972B-49C7-84FD-E87520EFAE9F}"
EndProject
Project("{FAE04EC0-301F-11D3-BF4B-00C04F79EFBC}") = "02. Vowels Count", "02. Vowels Count\02. Vowels Count.csproj", "{DA67EA83-90BA-4858-8F94-46CA0FFC73E8}"
EndProject
Project("{FAE04EC0-301F-11D3-BF4B-00C04F79EFBC}") = "03. Characters in Range", "03. Characters in Range\03. Characters in Range.csproj", "{B97A967A-B411-4AAB-B987-CE232C623242}"
EndProject
Project("{FAE04EC0-301F-11D3-BF4B-00C04F79EFBC}") = "04. Password Validator", "04. Password Validator\04. Password Validator.csproj", "{4FB58B09-F5DE-4E7A-BC68-E3849AA05939}"
EndProject
Project("{FAE04EC0-301F-11D3-BF4B-00C04F79EFBC}") = "05. Add and Subtract", "05. Add and Subtract\05. Add and Subtract.csproj", "{EBCD8F8F-83F2-4984-8221-693F513E7EE1}"
EndProject
Project("{FAE04EC0-301F-11D3-BF4B-00C04F79EFBC}") = "06. Middle Characters", "06. Middle Characters\06. Middle Characters.csproj", "{F0FA6026-21AB-4E25-A8CC-A12C63361341}"
EndProject
Project("{FAE04EC0-301F-11D3-BF4B-00C04F79EFBC}") = "07. NxN Matrix", "07. NxN Matrix\07. NxN Matrix.csproj", "{1A0A6DED-1FA2-460B-83FA-5A69EED96828}"
EndProject
Project("{FAE04EC0-301F-11D3-BF4B-00C04F79EFBC}") = "08. Factorial Division", "08. Factorial Division\08. Factorial Division.csproj", "{FE04C340-DD2A-44D3-B2A4-7344C6789CAC}"
EndProject
Project("{FAE04EC0-301F-11D3-BF4B-00C04F79EFBC}") = "09. Palindrome Integers", "09. Palindrome Integers\09. Palindrome Integers.csproj", "{EBA282BD-2802-4369-A18A-9904AC0EB4EE}"
EndProject
Project("{FAE04EC0-301F-11D3-BF4B-00C04F79EFBC}") = "10. Top Number", "10. Top Number\10. Top Number.csproj", "{3F1359CD-CC95-43B2-B7C3-F0AF751D3100}"
EndProject
Project("{FAE04EC0-301F-11D3-BF4B-00C04F79EFBC}") = "11. Array Manipulator", "11. Array Manipulator\11. Array Manipulator.csproj", "{A8C93F1A-2A97-4D6C-A6BE-26313D04DCA2}"
EndProject
Global
	GlobalSection(SolutionConfigurationPlatforms) = preSolution
		Debug|Any CPU = Debug|Any CPU
		Release|Any CPU = Release|Any CPU
	EndGlobalSection
	GlobalSection(ProjectConfigurationPlatforms) = postSolution
		{1ED07705-972B-49C7-84FD-E87520EFAE9F}.Debug|Any CPU.ActiveCfg = Debug|Any CPU
		{1ED07705-972B-49C7-84FD-E87520EFAE9F}.Debug|Any CPU.Build.0 = Debug|Any CPU
		{1ED07705-972B-49C7-84FD-E87520EFAE9F}.Release|Any CPU.ActiveCfg = Release|Any CPU
		{1ED07705-972B-49C7-84FD-E87520EFAE9F}.Release|Any CPU.Build.0 = Release|Any CPU
		{DA67EA83-90BA-4858-8F94-46CA0FFC73E8}.Debug|Any CPU.ActiveCfg = Debug|Any CPU
		{DA67EA83-90BA-4858-8F94-46CA0FFC73E8}.Debug|Any CPU.Build.0 = Debug|Any CPU
		{DA67EA83-90BA-4858-8F94-46CA0FFC73E8}.Release|Any CPU.ActiveCfg = Release|Any CPU
		{DA67EA83-90BA-4858-8F94-46CA0FFC73E8}.Release|Any CPU.Build.0 = Release|Any CPU
		{B97A967A-B411-4AAB-B987-CE232C623242}.Debug|Any CPU.ActiveCfg = Debug|Any CPU
		{B97A967A-B411-4AAB-B987-CE232C623242}.Debug|Any CPU.Build.0 = Debug|Any CPU
		{B97A967A-B411-4AAB-B987-CE232C623242}.Release|Any CPU.ActiveCfg = Release|Any CPU
		{B97A967A-B411-4AAB-B987-CE232C623242}.Release|Any CPU.Build.0 = Release|Any CPU
		{4FB58B09-F5DE-4E7A-BC68-E3849AA05939}.Debug|Any CPU.ActiveCfg = Debug|Any CPU
		{4FB58B09-F5DE-4E7A-BC68-E3849AA05939}.Debug|Any CPU.Build.0 = Debug|Any CPU
		{4FB58B09-F5DE-4E7A-BC68-E3849AA05939}.Release|Any CPU.ActiveCfg = Release|Any CPU
		{4FB58B09-F5DE-4E7A-BC68-E3849AA05939}.Release|Any CPU.Build.0 = Release|Any CPU
		{EBCD8F8F-83F2-4984-8221-693F513E7EE1}.Debug|Any CPU.ActiveCfg = Debug|Any CPU
		{EBCD8F8F-83F2-4984-8221-693F513E7EE1}.Debug|Any CPU.Build.0 = Debug|Any CPU
		{EBCD8F8F-83F2-4984-8221-693F513E7EE1}.Release|Any CPU.ActiveCfg = Release|Any CPU
		{EBCD8F8F-83F2-4984-8221-693F513E7EE1}.Release|Any CPU.Build.0 = Release|Any CPU
		{F0FA6026-21AB-4E25-A8CC-A12C63361341}.Debug|Any CPU.ActiveCfg = Debug|Any CPU
		{F0FA6026-21AB-4E25-A8CC-A12C63361341}.Debug|Any CPU.Build.0 = Debug|Any CPU
		{F0FA6026-21AB-4E25-A8CC-A12C63361341}.Release|Any CPU.ActiveCfg = Release|Any CPU
		{F0FA6026-21AB-4E25-A8CC-A12C63361341}.Release|Any CPU.Build.0 = Release|Any CPU
		{1A0A6DED-1FA2-460B-83FA-5A69EED96828}.Debug|Any CPU.ActiveCfg = Debug|Any CPU
		{1A0A6DED-1FA2-460B-83FA-5A69EED96828}.Debug|Any CPU.Build.0 = Debug|Any CPU
		{1A0A6DED-1FA2-460B-83FA-5A69EED96828}.Release|Any CPU.ActiveCfg = Release|Any CPU
		{1A0A6DED-1FA2-460B-83FA-5A69EED96828}.Release|Any CPU.Build.0 = Release|Any CPU
		{FE04C340-DD2A-44D3-B2A4-7344C6789CAC}.Debug|Any CPU.ActiveCfg = Debug|Any CPU
		{FE04C340-DD2A-44D3-B2A4-7344C6789CAC}.Debug|Any CPU.Build.0 = Debug|Any CPU
		{FE04C340-DD2A-44D3-B2A4-7344C6789CAC}.Release|Any CPU.ActiveCfg = Release|Any CPU
		{FE04C340-DD2A-44D3-B2A4-7344C6789CAC}.Release|Any CPU.Build.0 = Release|Any CPU
		{EBA282BD-2802-4369-A18A-9904AC0EB4EE}.Debug|Any CPU.ActiveCfg = Debug|Any CPU
		{EBA282BD-2802-4369-A18A-9904AC0EB4EE}.Debug|Any CPU.Build.0 = Debug|Any CPU
		{EBA282BD-2802-4369-A18A-9904AC0EB4EE}.Release|Any CPU.ActiveCfg = Release|Any CPU
		{EBA282BD-2802-4369-A18A-9904AC0EB4EE}.Release|Any CPU.Build.0 = Release|Any CPU
		{3F1359CD-CC95-43B2-B7C3-F0AF751D3100}.Debug|Any CPU.ActiveCfg = Debug|Any CPU
		{3F1359CD-CC95-43B2-B7C3-F0AF751D3100}.Debug|Any CPU.Build.0 = Debug|Any CPU
		{3F1359CD-CC95-43B2-B7C3-F0AF751D3100}.Release|Any CPU.ActiveCfg = Release|Any CPU
		{3F1359CD-CC95-43B2-B7C3-F0AF751D3100}.Release|Any CPU.Build.0 = Release|Any CPU
		{A8C93F1A-2A97-4D6C-A6BE-26313D04DCA2}.Debug|Any CPU.ActiveCfg = Debug|Any CPU
		{A8C93F1A-2A97-4D6C-A6BE-26313D04DCA2}.Debug|Any CPU.Build.0 = Debug|Any CPU
		{A8C93F1A-2A97-4D6C-A6BE-26313D04DCA2}.Release|Any CPU.ActiveCfg = Release|Any CPU
		{A8C93F1A-2A97-4D6C-A6BE-26313D04DCA2}.Release|Any CPU.Build.0 = Release|Any CPU
	EndGlobalSection
	GlobalSection(SolutionProperties) = preSolution
		HideSolutionNode = FALSE
	EndGlobalSection
	GlobalSection(ExtensibilityGlobals) = postSolution
		SolutionGuid = {20F95ACA-E238-4C73-A33F-5CD85A2E571E}
	EndGlobalSection
EndGlobal
