
Microsoft Visual Studio Solution File, Format Version 12.00
# Visual Studio Version 17
VisualStudioVersion = 17.1.32210.238
MinimumVisualStudioVersion = 10.0.40219.1
Project("{FAE04EC0-301F-11D3-BF4B-00C04F79EFBC}") = "01. Day of Week", "01. Day of Week\01. Day of Week.csproj", "{64E7975A-1658-420A-BE91-2FB2DB8BC3F9}"
EndProject
Project("{FAE04EC0-301F-11D3-BF4B-00C04F79EFBC}") = "02. Print Numbers in Reverse Order", "02. Print Numbers in Reverse Order\02. Print Numbers in Reverse Order.csproj", "{14FEB64A-C148-45CE-90F0-1DAC076560AB}"
EndProject
Project("{FAE04EC0-301F-11D3-BF4B-00C04F79EFBC}") = "03. Rounding Numbers", "03. Rounding Numbers\03. Rounding Numbers.csproj", "{F3257A67-796F-4C6B-90A0-94FEC735C878}"
EndProject
Project("{FAE04EC0-301F-11D3-BF4B-00C04F79EFBC}") = "04. Reverse Array of Strings", "04. Reverse Array of Strings\04. Reverse Array of Strings.csproj", "{03CF71CA-EC7A-41E3-8447-3DC604C21A81}"
EndProject
Project("{FAE04EC0-301F-11D3-BF4B-00C04F79EFBC}") = "05. Sum Even Numbers", "05. Sum Even Numbers\05. Sum Even Numbers.csproj", "{D45C12DC-A0DB-4435-8E61-4254C940BEF0}"
EndProject
Project("{FAE04EC0-301F-11D3-BF4B-00C04F79EFBC}") = "06. Even and Odd Subtraction", "06. Even and Odd Subtraction\06. Even and Odd Subtraction.csproj", "{17720F26-FF43-4AB4-B502-CC225B377094}"
EndProject
Project("{FAE04EC0-301F-11D3-BF4B-00C04F79EFBC}") = "07. Equal Arrays", "07. Equal Arrays\07. Equal Arrays.csproj", "{A0E3B286-BBFD-440D-A026-EB92813440C9}"
EndProject
Project("{FAE04EC0-301F-11D3-BF4B-00C04F79EFBC}") = "08. Condense Array to Number", "08. Condense Array to Number\08. Condense Array to Number.csproj", "{D1CF31EA-56F7-4459-AA2B-4082B2F443E9}"
EndProject
Global
	GlobalSection(SolutionConfigurationPlatforms) = preSolution
		Debug|Any CPU = Debug|Any CPU
		Release|Any CPU = Release|Any CPU
	EndGlobalSection
	GlobalSection(ProjectConfigurationPlatforms) = postSolution
		{64E7975A-1658-420A-BE91-2FB2DB8BC3F9}.Debug|Any CPU.ActiveCfg = Debug|Any CPU
		{64E7975A-1658-420A-BE91-2FB2DB8BC3F9}.Debug|Any CPU.Build.0 = Debug|Any CPU
		{64E7975A-1658-420A-BE91-2FB2DB8BC3F9}.Release|Any CPU.ActiveCfg = Release|Any CPU
		{64E7975A-1658-420A-BE91-2FB2DB8BC3F9}.Release|Any CPU.Build.0 = Release|Any CPU
		{14FEB64A-C148-45CE-90F0-1DAC076560AB}.Debug|Any CPU.ActiveCfg = Debug|Any CPU
		{14FEB64A-C148-45CE-90F0-1DAC076560AB}.Debug|Any CPU.Build.0 = Debug|Any CPU
		{14FEB64A-C148-45CE-90F0-1DAC076560AB}.Release|Any CPU.ActiveCfg = Release|Any CPU
		{14FEB64A-C148-45CE-90F0-1DAC076560AB}.Release|Any CPU.Build.0 = Release|Any CPU
		{F3257A67-796F-4C6B-90A0-94FEC735C878}.Debug|Any CPU.ActiveCfg = Debug|Any CPU
		{F3257A67-796F-4C6B-90A0-94FEC735C878}.Debug|Any CPU.Build.0 = Debug|Any CPU
		{F3257A67-796F-4C6B-90A0-94FEC735C878}.Release|Any CPU.ActiveCfg = Release|Any CPU
		{F3257A67-796F-4C6B-90A0-94FEC735C878}.Release|Any CPU.Build.0 = Release|Any CPU
		{03CF71CA-EC7A-41E3-8447-3DC604C21A81}.Debug|Any CPU.ActiveCfg = Debug|Any CPU
		{03CF71CA-EC7A-41E3-8447-3DC604C21A81}.Debug|Any CPU.Build.0 = Debug|Any CPU
		{03CF71CA-EC7A-41E3-8447-3DC604C21A81}.Release|Any CPU.ActiveCfg = Release|Any CPU
		{03CF71CA-EC7A-41E3-8447-3DC604C21A81}.Release|Any CPU.Build.0 = Release|Any CPU
		{D45C12DC-A0DB-4435-8E61-4254C940BEF0}.Debug|Any CPU.ActiveCfg = Debug|Any CPU
		{D45C12DC-A0DB-4435-8E61-4254C940BEF0}.Debug|Any CPU.Build.0 = Debug|Any CPU
		{D45C12DC-A0DB-4435-8E61-4254C940BEF0}.Release|Any CPU.ActiveCfg = Release|Any CPU
		{D45C12DC-A0DB-4435-8E61-4254C940BEF0}.Release|Any CPU.Build.0 = Release|Any CPU
		{17720F26-FF43-4AB4-B502-CC225B377094}.Debug|Any CPU.ActiveCfg = Debug|Any CPU
		{17720F26-FF43-4AB4-B502-CC225B377094}.Debug|Any CPU.Build.0 = Debug|Any CPU
		{17720F26-FF43-4AB4-B502-CC225B377094}.Release|Any CPU.ActiveCfg = Release|Any CPU
		{17720F26-FF43-4AB4-B502-CC225B377094}.Release|Any CPU.Build.0 = Release|Any CPU
		{A0E3B286-BBFD-440D-A026-EB92813440C9}.Debug|Any CPU.ActiveCfg = Debug|Any CPU
		{A0E3B286-BBFD-440D-A026-EB92813440C9}.Debug|Any CPU.Build.0 = Debug|Any CPU
		{A0E3B286-BBFD-440D-A026-EB92813440C9}.Release|Any CPU.ActiveCfg = Release|Any CPU
		{A0E3B286-BBFD-440D-A026-EB92813440C9}.Release|Any CPU.Build.0 = Release|Any CPU
		{D1CF31EA-56F7-4459-AA2B-4082B2F443E9}.Debug|Any CPU.ActiveCfg = Debug|Any CPU
		{D1CF31EA-56F7-4459-AA2B-4082B2F443E9}.Debug|Any CPU.Build.0 = Debug|Any CPU
		{D1CF31EA-56F7-4459-AA2B-4082B2F443E9}.Release|Any CPU.ActiveCfg = Release|Any CPU
		{D1CF31EA-56F7-4459-AA2B-4082B2F443E9}.Release|Any CPU.Build.0 = Release|Any CPU
	EndGlobalSection
	GlobalSection(SolutionProperties) = preSolution
		HideSolutionNode = FALSE
	EndGlobalSection
	GlobalSection(ExtensibilityGlobals) = postSolution
		SolutionGuid = {181318B6-2CF3-44F3-BB3F-ECCCC10C37A8}
	EndGlobalSection
EndGlobal
