
Microsoft Visual Studio Solution File, Format Version 12.00
# Visual Studio Version 17
VisualStudioVersion = 17.7.34202.233
MinimumVisualStudioVersion = 10.0.40219.1
Project("{9A19103F-16F7-4668-BE54-9A1E7A4F7556}") = "InitialSetup", "Exercises-IntroToDBApps\InitialSetup.csproj", "{5AFF617A-9FC7-4572-B6BD-C6D87D5C6011}"
EndProject
Project("{FAE04EC0-301F-11D3-BF4B-00C04F79EFBC}") = "VillainNames", "VillainNames\VillainNames.csproj", "{7F66A321-150C-4CC5-945E-456B6D315A66}"
EndProject
Global
	GlobalSection(SolutionConfigurationPlatforms) = preSolution
		Debug|Any CPU = Debug|Any CPU
		Release|Any CPU = Release|Any CPU
	EndGlobalSection
	GlobalSection(ProjectConfigurationPlatforms) = postSolution
		{5AFF617A-9FC7-4572-B6BD-C6D87D5C6011}.Debug|Any CPU.ActiveCfg = Debug|Any CPU
		{5AFF617A-9FC7-4572-B6BD-C6D87D5C6011}.Debug|Any CPU.Build.0 = Debug|Any CPU
		{5AFF617A-9FC7-4572-B6BD-C6D87D5C6011}.Release|Any CPU.ActiveCfg = Release|Any CPU
		{5AFF617A-9FC7-4572-B6BD-C6D87D5C6011}.Release|Any CPU.Build.0 = Release|Any CPU
		{7F66A321-150C-4CC5-945E-456B6D315A66}.Debug|Any CPU.ActiveCfg = Debug|Any CPU
		{7F66A321-150C-4CC5-945E-456B6D315A66}.Debug|Any CPU.Build.0 = Debug|Any CPU
		{7F66A321-150C-4CC5-945E-456B6D315A66}.Release|Any CPU.ActiveCfg = Release|Any CPU
		{7F66A321-150C-4CC5-945E-456B6D315A66}.Release|Any CPU.Build.0 = Release|Any CPU
	EndGlobalSection
	GlobalSection(SolutionProperties) = preSolution
		HideSolutionNode = FALSE
	EndGlobalSection
	GlobalSection(ExtensibilityGlobals) = postSolution
		SolutionGuid = {02D25F17-3AFF-487E-8352-049879AF59F8}
	EndGlobalSection
EndGlobal
