
Microsoft Visual Studio Solution File, Format Version 12.00
# Visual Studio Version 17
VisualStudioVersion = 17.11.35312.102
MinimumVisualStudioVersion = 10.0.40219.1
Project("{FAE04EC0-301F-11D3-BF4B-00C04F79EFBC}") = "01_RawData", "01_RawData\01_RawData.csproj", "{A50148A6-A11A-4B5E-8792-2CE352FE66C2}"
EndProject
Project("{FAE04EC0-301F-11D3-BF4B-00C04F79EFBC}") = "02_CarsSalesman", "02_CarsSalesman\02_CarsSalesman.csproj", "{A291C311-8987-49D8-9BAF-7087A8579DAA}"
EndProject
Project("{FAE04EC0-301F-11D3-BF4B-00C04F79EFBC}") = "03_Hospital", "03_Hospital\03_Hospital.csproj", "{6C9F53C7-9856-4F04-A772-0D6351BE386D}"
EndProject
Global
	GlobalSection(SolutionConfigurationPlatforms) = preSolution
		Debug|Any CPU = Debug|Any CPU
		Release|Any CPU = Release|Any CPU
	EndGlobalSection
	GlobalSection(ProjectConfigurationPlatforms) = postSolution
		{A50148A6-A11A-4B5E-8792-2CE352FE66C2}.Debug|Any CPU.ActiveCfg = Debug|Any CPU
		{A50148A6-A11A-4B5E-8792-2CE352FE66C2}.Debug|Any CPU.Build.0 = Debug|Any CPU
		{A50148A6-A11A-4B5E-8792-2CE352FE66C2}.Release|Any CPU.ActiveCfg = Release|Any CPU
		{A50148A6-A11A-4B5E-8792-2CE352FE66C2}.Release|Any CPU.Build.0 = Release|Any CPU
		{A291C311-8987-49D8-9BAF-7087A8579DAA}.Debug|Any CPU.ActiveCfg = Debug|Any CPU
		{A291C311-8987-49D8-9BAF-7087A8579DAA}.Debug|Any CPU.Build.0 = Debug|Any CPU
		{A291C311-8987-49D8-9BAF-7087A8579DAA}.Release|Any CPU.ActiveCfg = Release|Any CPU
		{A291C311-8987-49D8-9BAF-7087A8579DAA}.Release|Any CPU.Build.0 = Release|Any CPU
		{6C9F53C7-9856-4F04-A772-0D6351BE386D}.Debug|Any CPU.ActiveCfg = Debug|Any CPU
		{6C9F53C7-9856-4F04-A772-0D6351BE386D}.Debug|Any CPU.Build.0 = Debug|Any CPU
		{6C9F53C7-9856-4F04-A772-0D6351BE386D}.Release|Any CPU.ActiveCfg = Release|Any CPU
		{6C9F53C7-9856-4F04-A772-0D6351BE386D}.Release|Any CPU.Build.0 = Release|Any CPU
	EndGlobalSection
	GlobalSection(SolutionProperties) = preSolution
		HideSolutionNode = FALSE
	EndGlobalSection
	GlobalSection(ExtensibilityGlobals) = postSolution
		SolutionGuid = {B84B5325-B9D2-4773-BD59-CBC616F8CD9E}
	EndGlobalSection
EndGlobal
