
Microsoft Visual Studio Solution File, Format Version 12.00
# Visual Studio Version 17
VisualStudioVersion = 17.6.33723.286
MinimumVisualStudioVersion = 10.0.40219.1
Project("{9A19103F-16F7-4668-BE54-9A1E7A4F7556}") = "Operations", "Operations\Operations.csproj", "{46476268-4B7B-40D4-9213-2AE6C144F503}"
EndProject
Project("{FAE04EC0-301F-11D3-BF4B-00C04F79EFBC}") = "Animals", "Animals\Animals.csproj", "{5BE3ADFE-11EA-45FC-A752-4EFDBA81D457}"
EndProject
Project("{FAE04EC0-301F-11D3-BF4B-00C04F79EFBC}") = "Shapes", "Shapes\Shapes.csproj", "{00CC9FC5-AF49-4096-8A7F-5E0DC973E53B}"
EndProject
Global
	GlobalSection(SolutionConfigurationPlatforms) = preSolution
		Debug|Any CPU = Debug|Any CPU
		Release|Any CPU = Release|Any CPU
	EndGlobalSection
	GlobalSection(ProjectConfigurationPlatforms) = postSolution
		{46476268-4B7B-40D4-9213-2AE6C144F503}.Debug|Any CPU.ActiveCfg = Debug|Any CPU
		{46476268-4B7B-40D4-9213-2AE6C144F503}.Debug|Any CPU.Build.0 = Debug|Any CPU
		{46476268-4B7B-40D4-9213-2AE6C144F503}.Release|Any CPU.ActiveCfg = Release|Any CPU
		{46476268-4B7B-40D4-9213-2AE6C144F503}.Release|Any CPU.Build.0 = Release|Any CPU
		{5BE3ADFE-11EA-45FC-A752-4EFDBA81D457}.Debug|Any CPU.ActiveCfg = Debug|Any CPU
		{5BE3ADFE-11EA-45FC-A752-4EFDBA81D457}.Debug|Any CPU.Build.0 = Debug|Any CPU
		{5BE3ADFE-11EA-45FC-A752-4EFDBA81D457}.Release|Any CPU.ActiveCfg = Release|Any CPU
		{5BE3ADFE-11EA-45FC-A752-4EFDBA81D457}.Release|Any CPU.Build.0 = Release|Any CPU
		{00CC9FC5-AF49-4096-8A7F-5E0DC973E53B}.Debug|Any CPU.ActiveCfg = Debug|Any CPU
		{00CC9FC5-AF49-4096-8A7F-5E0DC973E53B}.Debug|Any CPU.Build.0 = Debug|Any CPU
		{00CC9FC5-AF49-4096-8A7F-5E0DC973E53B}.Release|Any CPU.ActiveCfg = Release|Any CPU
		{00CC9FC5-AF49-4096-8A7F-5E0DC973E53B}.Release|Any CPU.Build.0 = Release|Any CPU
	EndGlobalSection
	GlobalSection(SolutionProperties) = preSolution
		HideSolutionNode = FALSE
	EndGlobalSection
	GlobalSection(ExtensibilityGlobals) = postSolution
		SolutionGuid = {4B7F52C8-BE30-452E-8771-714715D91294}
	EndGlobalSection
EndGlobal
