
Microsoft Visual Studio Solution File, Format Version 12.00
# Visual Studio Version 17
VisualStudioVersion = 17.1.32210.238
MinimumVisualStudioVersion = 10.0.40219.1
Project("{FAE04EC0-301F-11D3-BF4B-00C04F79EFBC}") = "01. Student Information", "01. Student Information\01. Student Information.csproj", "{69EFF382-DD22-4ECC-86BA-D262BCCAFFB4}"
EndProject
Project("{FAE04EC0-301F-11D3-BF4B-00C04F79EFBC}") = "02. Passed", "02. Passed\02. Passed.csproj", "{21874AD6-7B44-4FAD-9255-118F10B65D4A}"
EndProject
Project("{FAE04EC0-301F-11D3-BF4B-00C04F79EFBC}") = "03. Passed or Failed", "03. Passed or Failed\03. Passed or Failed.csproj", "{9B454651-CB32-4B72-B85F-F7D424F2CB65}"
EndProject
Project("{FAE04EC0-301F-11D3-BF4B-00C04F79EFBC}") = "04. Back In 30 Minutes", "04. Back In 30 Minutes\04. Back In 30 Minutes.csproj", "{18669780-8C74-4B9A-B732-D233F9ABC7A3}"
EndProject
Project("{FAE04EC0-301F-11D3-BF4B-00C04F79EFBC}") = "05. Month Printer", "05. Month Printer\05. Month Printer.csproj", "{88685F73-CDFA-4673-AD5B-B124DE95C8D0}"
EndProject
Project("{FAE04EC0-301F-11D3-BF4B-00C04F79EFBC}") = "06. Foreign Languages", "06. Foreign Languages\06. Foreign Languages.csproj", "{5C739EE4-6061-4D9E-9FDD-4B3386D25E5A}"
EndProject
Project("{FAE04EC0-301F-11D3-BF4B-00C04F79EFBC}") = "07. Theatre Promotion", "07. Theatre Promotion\07. Theatre Promotion.csproj", "{934EA3CF-AC92-4AC0-8E2A-A26FAACCFB14}"
EndProject
Project("{FAE04EC0-301F-11D3-BF4B-00C04F79EFBC}") = "08. Divisible by 3", "08. Divisible by 3\08. Divisible by 3.csproj", "{10DF1D85-34B6-42AD-A6A7-BEA32AC18597}"
EndProject
Project("{FAE04EC0-301F-11D3-BF4B-00C04F79EFBC}") = "09. Sum of Odd Numbers", "09. Sum of Odd Numbers\09. Sum of Odd Numbers.csproj", "{7B54725A-D06E-4914-A3FA-996987AB0E64}"
EndProject
Project("{FAE04EC0-301F-11D3-BF4B-00C04F79EFBC}") = "10. Multiplication Table", "10. Multiplication Table\10. Multiplication Table.csproj", "{85CECE92-7AC1-4478-ABDF-543334E77025}"
EndProject
Project("{FAE04EC0-301F-11D3-BF4B-00C04F79EFBC}") = "11. Multiplication Table 2.0", "11. Multiplication Table 2.0\11. Multiplication Table 2.0.csproj", "{5F4BEE96-03ED-42F3-9EC6-5B6645CFD334}"
EndProject
Project("{FAE04EC0-301F-11D3-BF4B-00C04F79EFBC}") = "12. Even Number", "12. Even Number\12. Even Number.csproj", "{7B6668E7-1304-4037-AE4B-52EBC18E7ED1}"
EndProject
Project("{FAE04EC0-301F-11D3-BF4B-00C04F79EFBC}") = "13. Holidays Between Two Dates", "13. Holidays Between Two Dates\13. Holidays Between Two Dates.csproj", "{678B2A9A-B1BA-4AA8-AFBB-0A63990F4B91}"
EndProject
Global
	GlobalSection(SolutionConfigurationPlatforms) = preSolution
		Debug|Any CPU = Debug|Any CPU
		Release|Any CPU = Release|Any CPU
	EndGlobalSection
	GlobalSection(ProjectConfigurationPlatforms) = postSolution
		{69EFF382-DD22-4ECC-86BA-D262BCCAFFB4}.Debug|Any CPU.ActiveCfg = Debug|Any CPU
		{69EFF382-DD22-4ECC-86BA-D262BCCAFFB4}.Debug|Any CPU.Build.0 = Debug|Any CPU
		{69EFF382-DD22-4ECC-86BA-D262BCCAFFB4}.Release|Any CPU.ActiveCfg = Release|Any CPU
		{69EFF382-DD22-4ECC-86BA-D262BCCAFFB4}.Release|Any CPU.Build.0 = Release|Any CPU
		{21874AD6-7B44-4FAD-9255-118F10B65D4A}.Debug|Any CPU.ActiveCfg = Debug|Any CPU
		{21874AD6-7B44-4FAD-9255-118F10B65D4A}.Debug|Any CPU.Build.0 = Debug|Any CPU
		{21874AD6-7B44-4FAD-9255-118F10B65D4A}.Release|Any CPU.ActiveCfg = Release|Any CPU
		{21874AD6-7B44-4FAD-9255-118F10B65D4A}.Release|Any CPU.Build.0 = Release|Any CPU
		{9B454651-CB32-4B72-B85F-F7D424F2CB65}.Debug|Any CPU.ActiveCfg = Debug|Any CPU
		{9B454651-CB32-4B72-B85F-F7D424F2CB65}.Debug|Any CPU.Build.0 = Debug|Any CPU
		{9B454651-CB32-4B72-B85F-F7D424F2CB65}.Release|Any CPU.ActiveCfg = Release|Any CPU
		{9B454651-CB32-4B72-B85F-F7D424F2CB65}.Release|Any CPU.Build.0 = Release|Any CPU
		{18669780-8C74-4B9A-B732-D233F9ABC7A3}.Debug|Any CPU.ActiveCfg = Debug|Any CPU
		{18669780-8C74-4B9A-B732-D233F9ABC7A3}.Debug|Any CPU.Build.0 = Debug|Any CPU
		{18669780-8C74-4B9A-B732-D233F9ABC7A3}.Release|Any CPU.ActiveCfg = Release|Any CPU
		{18669780-8C74-4B9A-B732-D233F9ABC7A3}.Release|Any CPU.Build.0 = Release|Any CPU
		{88685F73-CDFA-4673-AD5B-B124DE95C8D0}.Debug|Any CPU.ActiveCfg = Debug|Any CPU
		{88685F73-CDFA-4673-AD5B-B124DE95C8D0}.Debug|Any CPU.Build.0 = Debug|Any CPU
		{88685F73-CDFA-4673-AD5B-B124DE95C8D0}.Release|Any CPU.ActiveCfg = Release|Any CPU
		{88685F73-CDFA-4673-AD5B-B124DE95C8D0}.Release|Any CPU.Build.0 = Release|Any CPU
		{5C739EE4-6061-4D9E-9FDD-4B3386D25E5A}.Debug|Any CPU.ActiveCfg = Debug|Any CPU
		{5C739EE4-6061-4D9E-9FDD-4B3386D25E5A}.Debug|Any CPU.Build.0 = Debug|Any CPU
		{5C739EE4-6061-4D9E-9FDD-4B3386D25E5A}.Release|Any CPU.ActiveCfg = Release|Any CPU
		{5C739EE4-6061-4D9E-9FDD-4B3386D25E5A}.Release|Any CPU.Build.0 = Release|Any CPU
		{934EA3CF-AC92-4AC0-8E2A-A26FAACCFB14}.Debug|Any CPU.ActiveCfg = Debug|Any CPU
		{934EA3CF-AC92-4AC0-8E2A-A26FAACCFB14}.Debug|Any CPU.Build.0 = Debug|Any CPU
		{934EA3CF-AC92-4AC0-8E2A-A26FAACCFB14}.Release|Any CPU.ActiveCfg = Release|Any CPU
		{934EA3CF-AC92-4AC0-8E2A-A26FAACCFB14}.Release|Any CPU.Build.0 = Release|Any CPU
		{10DF1D85-34B6-42AD-A6A7-BEA32AC18597}.Debug|Any CPU.ActiveCfg = Debug|Any CPU
		{10DF1D85-34B6-42AD-A6A7-BEA32AC18597}.Debug|Any CPU.Build.0 = Debug|Any CPU
		{10DF1D85-34B6-42AD-A6A7-BEA32AC18597}.Release|Any CPU.ActiveCfg = Release|Any CPU
		{10DF1D85-34B6-42AD-A6A7-BEA32AC18597}.Release|Any CPU.Build.0 = Release|Any CPU
		{7B54725A-D06E-4914-A3FA-996987AB0E64}.Debug|Any CPU.ActiveCfg = Debug|Any CPU
		{7B54725A-D06E-4914-A3FA-996987AB0E64}.Debug|Any CPU.Build.0 = Debug|Any CPU
		{7B54725A-D06E-4914-A3FA-996987AB0E64}.Release|Any CPU.ActiveCfg = Release|Any CPU
		{7B54725A-D06E-4914-A3FA-996987AB0E64}.Release|Any CPU.Build.0 = Release|Any CPU
		{85CECE92-7AC1-4478-ABDF-543334E77025}.Debug|Any CPU.ActiveCfg = Debug|Any CPU
		{85CECE92-7AC1-4478-ABDF-543334E77025}.Debug|Any CPU.Build.0 = Debug|Any CPU
		{85CECE92-7AC1-4478-ABDF-543334E77025}.Release|Any CPU.ActiveCfg = Release|Any CPU
		{85CECE92-7AC1-4478-ABDF-543334E77025}.Release|Any CPU.Build.0 = Release|Any CPU
		{5F4BEE96-03ED-42F3-9EC6-5B6645CFD334}.Debug|Any CPU.ActiveCfg = Debug|Any CPU
		{5F4BEE96-03ED-42F3-9EC6-5B6645CFD334}.Debug|Any CPU.Build.0 = Debug|Any CPU
		{5F4BEE96-03ED-42F3-9EC6-5B6645CFD334}.Release|Any CPU.ActiveCfg = Release|Any CPU
		{5F4BEE96-03ED-42F3-9EC6-5B6645CFD334}.Release|Any CPU.Build.0 = Release|Any CPU
		{7B6668E7-1304-4037-AE4B-52EBC18E7ED1}.Debug|Any CPU.ActiveCfg = Debug|Any CPU
		{7B6668E7-1304-4037-AE4B-52EBC18E7ED1}.Debug|Any CPU.Build.0 = Debug|Any CPU
		{7B6668E7-1304-4037-AE4B-52EBC18E7ED1}.Release|Any CPU.ActiveCfg = Release|Any CPU
		{7B6668E7-1304-4037-AE4B-52EBC18E7ED1}.Release|Any CPU.Build.0 = Release|Any CPU
		{678B2A9A-B1BA-4AA8-AFBB-0A63990F4B91}.Debug|Any CPU.ActiveCfg = Debug|Any CPU
		{678B2A9A-B1BA-4AA8-AFBB-0A63990F4B91}.Debug|Any CPU.Build.0 = Debug|Any CPU
		{678B2A9A-B1BA-4AA8-AFBB-0A63990F4B91}.Release|Any CPU.ActiveCfg = Release|Any CPU
		{678B2A9A-B1BA-4AA8-AFBB-0A63990F4B91}.Release|Any CPU.Build.0 = Release|Any CPU
	EndGlobalSection
	GlobalSection(SolutionProperties) = preSolution
		HideSolutionNode = FALSE
	EndGlobalSection
	GlobalSection(ExtensibilityGlobals) = postSolution
		SolutionGuid = {F2532DA3-0EF4-4B98-BBDA-49FAB1AE2F70}
	EndGlobalSection
EndGlobal
