
Microsoft Visual Studio Solution File, Format Version 12.00
# Visual Studio Version 17
VisualStudioVersion = 17.1.32210.238
MinimumVisualStudioVersion = 10.0.40219.1
Project("{FAE04EC0-301F-11D3-BF4B-00C04F79EFBC}") = "01. Sum Seconds", "01. Sum Seconds\01. Sum Seconds.csproj", "{92519EF9-032E-4CA0-95C0-422E74F40B58}"
EndProject
Project("{FAE04EC0-301F-11D3-BF4B-00C04F79EFBC}") = "02. Bonus Score", "02. Bonus Score\02. Bonus Score.csproj", "{2D22CA72-28E1-4352-B2C8-C0AAA43D985A}"
EndProject
Project("{FAE04EC0-301F-11D3-BF4B-00C04F79EFBC}") = "03. Time + 15 Minutes", "03. Time + 15 Minutes\03. Time + 15 Minutes.csproj", "{4E9667EC-F23E-4729-9C59-633C98BECFC4}"
EndProject
Project("{FAE04EC0-301F-11D3-BF4B-00C04F79EFBC}") = "05. Godzilla vs. Kong", "05. Godzilla vs. Kong\05. Godzilla vs. Kong.csproj", "{FB20E405-54F6-417D-A21E-AC71331B7BA7}"
EndProject
Project("{FAE04EC0-301F-11D3-BF4B-00C04F79EFBC}") = "06. World Swimming Record", "06. World Swimming Record\06. World Swimming Record.csproj", "{4B2B9D66-2684-42B4-8745-69243D3093C6}"
EndProject
Global
	GlobalSection(SolutionConfigurationPlatforms) = preSolution
		Debug|Any CPU = Debug|Any CPU
		Release|Any CPU = Release|Any CPU
	EndGlobalSection
	GlobalSection(ProjectConfigurationPlatforms) = postSolution
		{92519EF9-032E-4CA0-95C0-422E74F40B58}.Debug|Any CPU.ActiveCfg = Debug|Any CPU
		{92519EF9-032E-4CA0-95C0-422E74F40B58}.Debug|Any CPU.Build.0 = Debug|Any CPU
		{92519EF9-032E-4CA0-95C0-422E74F40B58}.Release|Any CPU.ActiveCfg = Release|Any CPU
		{92519EF9-032E-4CA0-95C0-422E74F40B58}.Release|Any CPU.Build.0 = Release|Any CPU
		{2D22CA72-28E1-4352-B2C8-C0AAA43D985A}.Debug|Any CPU.ActiveCfg = Debug|Any CPU
		{2D22CA72-28E1-4352-B2C8-C0AAA43D985A}.Debug|Any CPU.Build.0 = Debug|Any CPU
		{2D22CA72-28E1-4352-B2C8-C0AAA43D985A}.Release|Any CPU.ActiveCfg = Release|Any CPU
		{2D22CA72-28E1-4352-B2C8-C0AAA43D985A}.Release|Any CPU.Build.0 = Release|Any CPU
		{4E9667EC-F23E-4729-9C59-633C98BECFC4}.Debug|Any CPU.ActiveCfg = Debug|Any CPU
		{4E9667EC-F23E-4729-9C59-633C98BECFC4}.Debug|Any CPU.Build.0 = Debug|Any CPU
		{4E9667EC-F23E-4729-9C59-633C98BECFC4}.Release|Any CPU.ActiveCfg = Release|Any CPU
		{4E9667EC-F23E-4729-9C59-633C98BECFC4}.Release|Any CPU.Build.0 = Release|Any CPU
		{FB20E405-54F6-417D-A21E-AC71331B7BA7}.Debug|Any CPU.ActiveCfg = Debug|Any CPU
		{FB20E405-54F6-417D-A21E-AC71331B7BA7}.Debug|Any CPU.Build.0 = Debug|Any CPU
		{FB20E405-54F6-417D-A21E-AC71331B7BA7}.Release|Any CPU.ActiveCfg = Release|Any CPU
		{FB20E405-54F6-417D-A21E-AC71331B7BA7}.Release|Any CPU.Build.0 = Release|Any CPU
		{4B2B9D66-2684-42B4-8745-69243D3093C6}.Debug|Any CPU.ActiveCfg = Debug|Any CPU
		{4B2B9D66-2684-42B4-8745-69243D3093C6}.Debug|Any CPU.Build.0 = Debug|Any CPU
		{4B2B9D66-2684-42B4-8745-69243D3093C6}.Release|Any CPU.ActiveCfg = Release|Any CPU
		{4B2B9D66-2684-42B4-8745-69243D3093C6}.Release|Any CPU.Build.0 = Release|Any CPU
	EndGlobalSection
	GlobalSection(SolutionProperties) = preSolution
		HideSolutionNode = FALSE
	EndGlobalSection
	GlobalSection(ExtensibilityGlobals) = postSolution
		SolutionGuid = {E458E7C6-182E-44AE-947D-90F73EC9E3EE}
	EndGlobalSection
EndGlobal
