
Microsoft Visual Studio Solution File, Format Version 12.00
# Visual Studio Version 17
VisualStudioVersion = 17.5.33414.496
MinimumVisualStudioVersion = 10.0.40219.1
Project("{9A19103F-16F7-4668-BE54-9A1E7A4F7556}") = "01. Unique Usernames", "01. Unique Usernames\01. Unique Usernames.csproj", "{2BDE145D-6587-4A24-BDE4-19F0FC4668C1}"
EndProject
Project("{9A19103F-16F7-4668-BE54-9A1E7A4F7556}") = "02. Sets of Elements", "02. Sets of Elements\02. Sets of Elements.csproj", "{A3C099F1-3F45-4260-9843-9F6A30E9EA66}"
EndProject
Project("{9A19103F-16F7-4668-BE54-9A1E7A4F7556}") = "03. Periodic Table", "03. Periodic Table\03. Periodic Table.csproj", "{A5BE19AF-AF4D-49C3-8E60-B210A13F4757}"
EndProject
Project("{9A19103F-16F7-4668-BE54-9A1E7A4F7556}") = "04. Even Times", "04. Even Times\04. Even Times.csproj", "{74BE87B2-C0EB-4B12-A84E-571116EDC898}"
EndProject
Project("{9A19103F-16F7-4668-BE54-9A1E7A4F7556}") = "05. Count Symbols", "05. Count Symbols\05. Count Symbols.csproj", "{98A4B20B-DC63-496F-A982-B5E54B409602}"
EndProject
Project("{9A19103F-16F7-4668-BE54-9A1E7A4F7556}") = "06. Wardrobe", "06. Wardrobe\06. Wardrobe.csproj", "{41A4F37C-9B54-4E81-B788-47EF0048BA00}"
EndProject
Global
	GlobalSection(SolutionConfigurationPlatforms) = preSolution
		Debug|Any CPU = Debug|Any CPU
		Release|Any CPU = Release|Any CPU
	EndGlobalSection
	GlobalSection(ProjectConfigurationPlatforms) = postSolution
		{2BDE145D-6587-4A24-BDE4-19F0FC4668C1}.Debug|Any CPU.ActiveCfg = Debug|Any CPU
		{2BDE145D-6587-4A24-BDE4-19F0FC4668C1}.Debug|Any CPU.Build.0 = Debug|Any CPU
		{2BDE145D-6587-4A24-BDE4-19F0FC4668C1}.Release|Any CPU.ActiveCfg = Release|Any CPU
		{2BDE145D-6587-4A24-BDE4-19F0FC4668C1}.Release|Any CPU.Build.0 = Release|Any CPU
		{A3C099F1-3F45-4260-9843-9F6A30E9EA66}.Debug|Any CPU.ActiveCfg = Debug|Any CPU
		{A3C099F1-3F45-4260-9843-9F6A30E9EA66}.Debug|Any CPU.Build.0 = Debug|Any CPU
		{A3C099F1-3F45-4260-9843-9F6A30E9EA66}.Release|Any CPU.ActiveCfg = Release|Any CPU
		{A3C099F1-3F45-4260-9843-9F6A30E9EA66}.Release|Any CPU.Build.0 = Release|Any CPU
		{A5BE19AF-AF4D-49C3-8E60-B210A13F4757}.Debug|Any CPU.ActiveCfg = Debug|Any CPU
		{A5BE19AF-AF4D-49C3-8E60-B210A13F4757}.Debug|Any CPU.Build.0 = Debug|Any CPU
		{A5BE19AF-AF4D-49C3-8E60-B210A13F4757}.Release|Any CPU.ActiveCfg = Release|Any CPU
		{A5BE19AF-AF4D-49C3-8E60-B210A13F4757}.Release|Any CPU.Build.0 = Release|Any CPU
		{74BE87B2-C0EB-4B12-A84E-571116EDC898}.Debug|Any CPU.ActiveCfg = Debug|Any CPU
		{74BE87B2-C0EB-4B12-A84E-571116EDC898}.Debug|Any CPU.Build.0 = Debug|Any CPU
		{74BE87B2-C0EB-4B12-A84E-571116EDC898}.Release|Any CPU.ActiveCfg = Release|Any CPU
		{74BE87B2-C0EB-4B12-A84E-571116EDC898}.Release|Any CPU.Build.0 = Release|Any CPU
		{98A4B20B-DC63-496F-A982-B5E54B409602}.Debug|Any CPU.ActiveCfg = Debug|Any CPU
		{98A4B20B-DC63-496F-A982-B5E54B409602}.Debug|Any CPU.Build.0 = Debug|Any CPU
		{98A4B20B-DC63-496F-A982-B5E54B409602}.Release|Any CPU.ActiveCfg = Release|Any CPU
		{98A4B20B-DC63-496F-A982-B5E54B409602}.Release|Any CPU.Build.0 = Release|Any CPU
		{41A4F37C-9B54-4E81-B788-47EF0048BA00}.Debug|Any CPU.ActiveCfg = Debug|Any CPU
		{41A4F37C-9B54-4E81-B788-47EF0048BA00}.Debug|Any CPU.Build.0 = Debug|Any CPU
		{41A4F37C-9B54-4E81-B788-47EF0048BA00}.Release|Any CPU.ActiveCfg = Release|Any CPU
		{41A4F37C-9B54-4E81-B788-47EF0048BA00}.Release|Any CPU.Build.0 = Release|Any CPU
	EndGlobalSection
	GlobalSection(SolutionProperties) = preSolution
		HideSolutionNode = FALSE
	EndGlobalSection
	GlobalSection(ExtensibilityGlobals) = postSolution
		SolutionGuid = {00F080DD-5BAC-406F-A92A-CB23B3CD9120}
	EndGlobalSection
EndGlobal
