
Microsoft Visual Studio Solution File, Format Version 12.00
# Visual Studio Version 17
VisualStudioVersion = 17.11.35312.102
MinimumVisualStudioVersion = 10.0.40219.1
Project("{9A19103F-16F7-4668-BE54-9A1E7A4F7556}") = "01.ClassBoxData", "ClassBoxData\01.ClassBoxData.csproj", "{3FFC4676-4A9D-47D6-A9A0-42E67412519B}"
EndProject
Project("{9A19103F-16F7-4668-BE54-9A1E7A4F7556}") = "02.AnimalFarm", "02.AnimalFarm\02.AnimalFarm.csproj", "{D89CE8F4-8A44-4B0C-92A4-E70514A103DE}"
EndProject
Project("{9A19103F-16F7-4668-BE54-9A1E7A4F7556}") = "03.ShoppingSpree", "ShoppingSpree\03.ShoppingSpree.csproj", "{751CB7EF-F179-4FA0-9B7F-13F103CCB0D2}"
EndProject
Project("{9A19103F-16F7-4668-BE54-9A1E7A4F7556}") = "04.PizzaCalories", "04.PizzaCalories\04.PizzaCalories.csproj", "{140999B4-E428-4C46-B190-42BB62ABCFD9}"
EndProject
Project("{FAE04EC0-301F-11D3-BF4B-00C04F79EFBC}") = "05.FootballTeamGenerator", "05.FootballTeamGenerator\05.FootballTeamGenerator.csproj", "{A7C1FF65-F678-48D5-A83B-D4667B14983F}"
EndProject
Global
	GlobalSection(SolutionConfigurationPlatforms) = preSolution
		Debug|Any CPU = Debug|Any CPU
		Release|Any CPU = Release|Any CPU
	EndGlobalSection
	GlobalSection(ProjectConfigurationPlatforms) = postSolution
		{3FFC4676-4A9D-47D6-A9A0-42E67412519B}.Debug|Any CPU.ActiveCfg = Debug|Any CPU
		{3FFC4676-4A9D-47D6-A9A0-42E67412519B}.Debug|Any CPU.Build.0 = Debug|Any CPU
		{3FFC4676-4A9D-47D6-A9A0-42E67412519B}.Release|Any CPU.ActiveCfg = Release|Any CPU
		{3FFC4676-4A9D-47D6-A9A0-42E67412519B}.Release|Any CPU.Build.0 = Release|Any CPU
		{D89CE8F4-8A44-4B0C-92A4-E70514A103DE}.Debug|Any CPU.ActiveCfg = Debug|Any CPU
		{D89CE8F4-8A44-4B0C-92A4-E70514A103DE}.Debug|Any CPU.Build.0 = Debug|Any CPU
		{D89CE8F4-8A44-4B0C-92A4-E70514A103DE}.Release|Any CPU.ActiveCfg = Release|Any CPU
		{D89CE8F4-8A44-4B0C-92A4-E70514A103DE}.Release|Any CPU.Build.0 = Release|Any CPU
		{751CB7EF-F179-4FA0-9B7F-13F103CCB0D2}.Debug|Any CPU.ActiveCfg = Debug|Any CPU
		{751CB7EF-F179-4FA0-9B7F-13F103CCB0D2}.Debug|Any CPU.Build.0 = Debug|Any CPU
		{751CB7EF-F179-4FA0-9B7F-13F103CCB0D2}.Release|Any CPU.ActiveCfg = Release|Any CPU
		{751CB7EF-F179-4FA0-9B7F-13F103CCB0D2}.Release|Any CPU.Build.0 = Release|Any CPU
		{140999B4-E428-4C46-B190-42BB62ABCFD9}.Debug|Any CPU.ActiveCfg = Debug|Any CPU
		{140999B4-E428-4C46-B190-42BB62ABCFD9}.Debug|Any CPU.Build.0 = Debug|Any CPU
		{140999B4-E428-4C46-B190-42BB62ABCFD9}.Release|Any CPU.ActiveCfg = Release|Any CPU
		{140999B4-E428-4C46-B190-42BB62ABCFD9}.Release|Any CPU.Build.0 = Release|Any CPU
		{A7C1FF65-F678-48D5-A83B-D4667B14983F}.Debug|Any CPU.ActiveCfg = Debug|Any CPU
		{A7C1FF65-F678-48D5-A83B-D4667B14983F}.Debug|Any CPU.Build.0 = Debug|Any CPU
		{A7C1FF65-F678-48D5-A83B-D4667B14983F}.Release|Any CPU.ActiveCfg = Release|Any CPU
		{A7C1FF65-F678-48D5-A83B-D4667B14983F}.Release|Any CPU.Build.0 = Release|Any CPU
	EndGlobalSection
	GlobalSection(SolutionProperties) = preSolution
		HideSolutionNode = FALSE
	EndGlobalSection
	GlobalSection(ExtensibilityGlobals) = postSolution
		SolutionGuid = {85A152C6-80E6-402E-86BC-1709132BD40D}
	EndGlobalSection
EndGlobal
