
Microsoft Visual Studio Solution File, Format Version 12.00
# Visual Studio Version 17
VisualStudioVersion = 17.6.33829.357
MinimumVisualStudioVersion = 10.0.40219.1
Project("{FAE04EC0-301F-11D3-BF4B-00C04F79EFBC}") = "Prototype", "Prototype\Prototype.csproj", "{5564CF85-CA71-4335-9917-87EA0B53551B}"
EndProject
Global
	GlobalSection(SolutionConfigurationPlatforms) = preSolution
		Debug|Any CPU = Debug|Any CPU
		Release|Any CPU = Release|Any CPU
	EndGlobalSection
	GlobalSection(ProjectConfigurationPlatforms) = postSolution
		{5564CF85-CA71-4335-9917-87EA0B53551B}.Debug|Any CPU.ActiveCfg = Debug|Any CPU
		{5564CF85-CA71-4335-9917-87EA0B53551B}.Debug|Any CPU.Build.0 = Debug|Any CPU
		{5564CF85-CA71-4335-9917-87EA0B53551B}.Release|Any CPU.ActiveCfg = Release|Any CPU
		{5564CF85-CA71-4335-9917-87EA0B53551B}.Release|Any CPU.Build.0 = Release|Any CPU
	EndGlobalSection
	GlobalSection(SolutionProperties) = preSolution
		HideSolutionNode = FALSE
	EndGlobalSection
	GlobalSection(ExtensibilityGlobals) = postSolution
		SolutionGuid = {3FDDCA6A-1CEC-4AD9-9B88-C95D45BC4596}
	EndGlobalSection
EndGlobal
