
Microsoft Visual Studio Solution File, Format Version 12.00
# Visual Studio Version 17
VisualStudioVersion = 17.6.33712.159
MinimumVisualStudioVersion = 10.0.40219.1
Project("{9A19103F-16F7-4668-BE54-9A1E7A4F7556}") = "Person", "Person\Person.csproj", "{48D63A5D-B3A4-4203-A5F8-631C9AD4A148}"
EndProject
Project("{9A19103F-16F7-4668-BE54-9A1E7A4F7556}") = "Zoo", "Zoo\Zoo.csproj", "{C637885F-40CC-491B-A7B0-37861239014D}"
EndProject
Project("{9A19103F-16F7-4668-BE54-9A1E7A4F7556}") = "PlayersAndMonsters", "PlayersAndMonsters\PlayersAndMonsters.csproj", "{03871AE7-E811-4E49-A749-DAC66981E876}"
EndProject
Project("{9A19103F-16F7-4668-BE54-9A1E7A4F7556}") = "NeedForSpeed", "NeedForSpeed\NeedForSpeed.csproj", "{9830CF48-0251-41E9-ABE9-16F9956DE0B1}"
EndProject
Project("{9A19103F-16F7-4668-BE54-9A1E7A4F7556}") = "Restaurant", "Restaurant\Restaurant.csproj", "{3AEAAD25-177E-4DBC-AA0F-A1DB2DEC38CC}"
EndProject
Project("{FAE04EC0-301F-11D3-BF4B-00C04F79EFBC}") = "Animals", "Animals\Animals.csproj", "{EC99936F-EC9A-4FE5-887B-36F7273C46F8}"
EndProject
Global
	GlobalSection(SolutionConfigurationPlatforms) = preSolution
		Debug|Any CPU = Debug|Any CPU
		Release|Any CPU = Release|Any CPU
	EndGlobalSection
	GlobalSection(ProjectConfigurationPlatforms) = postSolution
		{48D63A5D-B3A4-4203-A5F8-631C9AD4A148}.Debug|Any CPU.ActiveCfg = Debug|Any CPU
		{48D63A5D-B3A4-4203-A5F8-631C9AD4A148}.Debug|Any CPU.Build.0 = Debug|Any CPU
		{48D63A5D-B3A4-4203-A5F8-631C9AD4A148}.Release|Any CPU.ActiveCfg = Release|Any CPU
		{48D63A5D-B3A4-4203-A5F8-631C9AD4A148}.Release|Any CPU.Build.0 = Release|Any CPU
		{C637885F-40CC-491B-A7B0-37861239014D}.Debug|Any CPU.ActiveCfg = Debug|Any CPU
		{C637885F-40CC-491B-A7B0-37861239014D}.Debug|Any CPU.Build.0 = Debug|Any CPU
		{C637885F-40CC-491B-A7B0-37861239014D}.Release|Any CPU.ActiveCfg = Release|Any CPU
		{C637885F-40CC-491B-A7B0-37861239014D}.Release|Any CPU.Build.0 = Release|Any CPU
		{03871AE7-E811-4E49-A749-DAC66981E876}.Debug|Any CPU.ActiveCfg = Debug|Any CPU
		{03871AE7-E811-4E49-A749-DAC66981E876}.Debug|Any CPU.Build.0 = Debug|Any CPU
		{03871AE7-E811-4E49-A749-DAC66981E876}.Release|Any CPU.ActiveCfg = Release|Any CPU
		{03871AE7-E811-4E49-A749-DAC66981E876}.Release|Any CPU.Build.0 = Release|Any CPU
		{9830CF48-0251-41E9-ABE9-16F9956DE0B1}.Debug|Any CPU.ActiveCfg = Debug|Any CPU
		{9830CF48-0251-41E9-ABE9-16F9956DE0B1}.Debug|Any CPU.Build.0 = Debug|Any CPU
		{9830CF48-0251-41E9-ABE9-16F9956DE0B1}.Release|Any CPU.ActiveCfg = Release|Any CPU
		{9830CF48-0251-41E9-ABE9-16F9956DE0B1}.Release|Any CPU.Build.0 = Release|Any CPU
		{3AEAAD25-177E-4DBC-AA0F-A1DB2DEC38CC}.Debug|Any CPU.ActiveCfg = Debug|Any CPU
		{3AEAAD25-177E-4DBC-AA0F-A1DB2DEC38CC}.Debug|Any CPU.Build.0 = Debug|Any CPU
		{3AEAAD25-177E-4DBC-AA0F-A1DB2DEC38CC}.Release|Any CPU.ActiveCfg = Release|Any CPU
		{3AEAAD25-177E-4DBC-AA0F-A1DB2DEC38CC}.Release|Any CPU.Build.0 = Release|Any CPU
		{EC99936F-EC9A-4FE5-887B-36F7273C46F8}.Debug|Any CPU.ActiveCfg = Debug|Any CPU
		{EC99936F-EC9A-4FE5-887B-36F7273C46F8}.Debug|Any CPU.Build.0 = Debug|Any CPU
		{EC99936F-EC9A-4FE5-887B-36F7273C46F8}.Release|Any CPU.ActiveCfg = Release|Any CPU
		{EC99936F-EC9A-4FE5-887B-36F7273C46F8}.Release|Any CPU.Build.0 = Release|Any CPU
	EndGlobalSection
	GlobalSection(SolutionProperties) = preSolution
		HideSolutionNode = FALSE
	EndGlobalSection
	GlobalSection(ExtensibilityGlobals) = postSolution
		SolutionGuid = {545FE0D7-974F-4BC9-A9D9-C2129ACE1CB9}
	EndGlobalSection
EndGlobal
