
Microsoft Visual Studio Solution File, Format Version 12.00
# Visual Studio Version 17
VisualStudioVersion = 17.9.34607.119
MinimumVisualStudioVersion = 10.0.40219.1
Project("{FAE04EC0-301F-11D3-BF4B-00C04F79EFBC}") = "EvenNumbersThread", "EvenNumbersThread\EvenNumbersThread.csproj", "{E3F5CD86-C387-4BF7-AA1F-BD974A946C92}"
EndProject
Project("{FAE04EC0-301F-11D3-BF4B-00C04F79EFBC}") = "SliceFile", "SliceFile\SliceFile.csproj", "{E47D431A-AAB7-4EB8-981A-BAB008083309}"
EndProject
Global
	GlobalSection(SolutionConfigurationPlatforms) = preSolution
		Debug|Any CPU = Debug|Any CPU
		Release|Any CPU = Release|Any CPU
	EndGlobalSection
	GlobalSection(ProjectConfigurationPlatforms) = postSolution
		{E3F5CD86-C387-4BF7-AA1F-BD974A946C92}.Debug|Any CPU.ActiveCfg = Debug|Any CPU
		{E3F5CD86-C387-4BF7-AA1F-BD974A946C92}.Debug|Any CPU.Build.0 = Debug|Any CPU
		{E3F5CD86-C387-4BF7-AA1F-BD974A946C92}.Release|Any CPU.ActiveCfg = Release|Any CPU
		{E3F5CD86-C387-4BF7-AA1F-BD974A946C92}.Release|Any CPU.Build.0 = Release|Any CPU
		{E47D431A-AAB7-4EB8-981A-BAB008083309}.Debug|Any CPU.ActiveCfg = Debug|Any CPU
		{E47D431A-AAB7-4EB8-981A-BAB008083309}.Debug|Any CPU.Build.0 = Debug|Any CPU
		{E47D431A-AAB7-4EB8-981A-BAB008083309}.Release|Any CPU.ActiveCfg = Release|Any CPU
		{E47D431A-AAB7-4EB8-981A-BAB008083309}.Release|Any CPU.Build.0 = Release|Any CPU
	EndGlobalSection
	GlobalSection(SolutionProperties) = preSolution
		HideSolutionNode = FALSE
	EndGlobalSection
	GlobalSection(ExtensibilityGlobals) = postSolution
		SolutionGuid = {8BDD60E7-C1CD-4889-BE03-5ED9F2EAA9EB}
	EndGlobalSection
EndGlobal
