
Microsoft Visual Studio Solution File, Format Version 12.00
# Visual Studio Version 17
VisualStudioVersion = 17.5.33414.496
MinimumVisualStudioVersion = 10.0.40219.1
Project("{FAE04EC0-301F-11D3-BF4B-00C04F79EFBC}") = "CarManufacturer", "CarManufacturer\CarManufacturer.csproj", "{DC34BFD9-0651-4B16-918B-7AC2B71340FB}"
EndProject
Global
	GlobalSection(SolutionConfigurationPlatforms) = preSolution
		Debug|Any CPU = Debug|Any CPU
		Release|Any CPU = Release|Any CPU
	EndGlobalSection
	GlobalSection(ProjectConfigurationPlatforms) = postSolution
		{DC34BFD9-0651-4B16-918B-7AC2B71340FB}.Debug|Any CPU.ActiveCfg = Debug|Any CPU
		{DC34BFD9-0651-4B16-918B-7AC2B71340FB}.Debug|Any CPU.Build.0 = Debug|Any CPU
		{DC34BFD9-0651-4B16-918B-7AC2B71340FB}.Release|Any CPU.ActiveCfg = Release|Any CPU
		{DC34BFD9-0651-4B16-918B-7AC2B71340FB}.Release|Any CPU.Build.0 = Release|Any CPU
	EndGlobalSection
	GlobalSection(SolutionProperties) = preSolution
		HideSolutionNode = FALSE
	EndGlobalSection
	GlobalSection(ExtensibilityGlobals) = postSolution
		SolutionGuid = {AC5268EE-8BDD-4B85-9350-5802EC13CF91}
	EndGlobalSection
EndGlobal
