
Microsoft Visual Studio Solution File, Format Version 12.00
# Visual Studio Version 17
VisualStudioVersion = 17.6.33723.286
MinimumVisualStudioVersion = 10.0.40219.1
Project("{9A19103F-16F7-4668-BE54-9A1E7A4F7556}") = "ClassBoxData", "ClassBoxData\ClassBoxData.csproj", "{3CACA0C6-E813-4658-A1A8-1E0C51FB99D2}"
EndProject
Project("{9A19103F-16F7-4668-BE54-9A1E7A4F7556}") = "ShoppingSpree", "ShoppingSpree\ShoppingSpree.csproj", "{765FD560-338F-4D2F-A737-0F94565CF149}"
EndProject
Project("{FAE04EC0-301F-11D3-BF4B-00C04F79EFBC}") = "PizzaCalories", "PizzaCalories\PizzaCalories.csproj", "{D6EEFB02-1497-47D2-9B2C-D5E296756758}"
EndProject
Global
	GlobalSection(SolutionConfigurationPlatforms) = preSolution
		Debug|Any CPU = Debug|Any CPU
		Release|Any CPU = Release|Any CPU
	EndGlobalSection
	GlobalSection(ProjectConfigurationPlatforms) = postSolution
		{3CACA0C6-E813-4658-A1A8-1E0C51FB99D2}.Debug|Any CPU.ActiveCfg = Debug|Any CPU
		{3CACA0C6-E813-4658-A1A8-1E0C51FB99D2}.Debug|Any CPU.Build.0 = Debug|Any CPU
		{3CACA0C6-E813-4658-A1A8-1E0C51FB99D2}.Release|Any CPU.ActiveCfg = Release|Any CPU
		{3CACA0C6-E813-4658-A1A8-1E0C51FB99D2}.Release|Any CPU.Build.0 = Release|Any CPU
		{765FD560-338F-4D2F-A737-0F94565CF149}.Debug|Any CPU.ActiveCfg = Debug|Any CPU
		{765FD560-338F-4D2F-A737-0F94565CF149}.Debug|Any CPU.Build.0 = Debug|Any CPU
		{765FD560-338F-4D2F-A737-0F94565CF149}.Release|Any CPU.ActiveCfg = Release|Any CPU
		{765FD560-338F-4D2F-A737-0F94565CF149}.Release|Any CPU.Build.0 = Release|Any CPU
		{D6EEFB02-1497-47D2-9B2C-D5E296756758}.Debug|Any CPU.ActiveCfg = Debug|Any CPU
		{D6EEFB02-1497-47D2-9B2C-D5E296756758}.Debug|Any CPU.Build.0 = Debug|Any CPU
		{D6EEFB02-1497-47D2-9B2C-D5E296756758}.Release|Any CPU.ActiveCfg = Release|Any CPU
		{D6EEFB02-1497-47D2-9B2C-D5E296756758}.Release|Any CPU.Build.0 = Release|Any CPU
	EndGlobalSection
	GlobalSection(SolutionProperties) = preSolution
		HideSolutionNode = FALSE
	EndGlobalSection
	GlobalSection(ExtensibilityGlobals) = postSolution
		SolutionGuid = {34E59ECB-3B2C-461B-BA85-4B905701E4E6}
	EndGlobalSection
EndGlobal
