
Microsoft Visual Studio Solution File, Format Version 12.00
# Visual Studio Version 17
VisualStudioVersion = 17.5.33414.496
MinimumVisualStudioVersion = 10.0.40219.1
Project("{9A19103F-16F7-4668-BE54-9A1E7A4F7556}") = "Generic Box of String", "Generic Box of String\Generic Box of String.csproj", "{80309DD1-6F98-41AF-B230-12D1A3D5618A}"
EndProject
Project("{9A19103F-16F7-4668-BE54-9A1E7A4F7556}") = "Generic Box of Integer", "Generic Box of Integer\Generic Box of Integer.csproj", "{EA942B8A-1F4D-4DB0-816E-F131B04DA6F3}"
EndProject
Project("{9A19103F-16F7-4668-BE54-9A1E7A4F7556}") = "Generic Swap Method String", "Generic Swap Method String\Generic Swap Method String.csproj", "{24ADB048-F857-4A72-A3D1-4D732B4F5193}"
EndProject
Project("{9A19103F-16F7-4668-BE54-9A1E7A4F7556}") = "Generic Count Method String", "Generic Count Method String\Generic Count Method String.csproj", "{BB608F7A-64E6-4DD3-802C-86B61BAEAE16}"
EndProject
Project("{9A19103F-16F7-4668-BE54-9A1E7A4F7556}") = "Generic Count Method Double", "Generic Count Method Double\Generic Count Method Double.csproj", "{AD9CFC2D-D8DC-4B41-AE7D-363065C374C7}"
EndProject
Project("{FAE04EC0-301F-11D3-BF4B-00C04F79EFBC}") = "Tuple", "Tuple\Tuple.csproj", "{30E4A065-1871-452E-B616-4349E8ACD29D}"
EndProject
Global
	GlobalSection(SolutionConfigurationPlatforms) = preSolution
		Debug|Any CPU = Debug|Any CPU
		Release|Any CPU = Release|Any CPU
	EndGlobalSection
	GlobalSection(ProjectConfigurationPlatforms) = postSolution
		{80309DD1-6F98-41AF-B230-12D1A3D5618A}.Debug|Any CPU.ActiveCfg = Debug|Any CPU
		{80309DD1-6F98-41AF-B230-12D1A3D5618A}.Debug|Any CPU.Build.0 = Debug|Any CPU
		{80309DD1-6F98-41AF-B230-12D1A3D5618A}.Release|Any CPU.ActiveCfg = Release|Any CPU
		{80309DD1-6F98-41AF-B230-12D1A3D5618A}.Release|Any CPU.Build.0 = Release|Any CPU
		{EA942B8A-1F4D-4DB0-816E-F131B04DA6F3}.Debug|Any CPU.ActiveCfg = Debug|Any CPU
		{EA942B8A-1F4D-4DB0-816E-F131B04DA6F3}.Debug|Any CPU.Build.0 = Debug|Any CPU
		{EA942B8A-1F4D-4DB0-816E-F131B04DA6F3}.Release|Any CPU.ActiveCfg = Release|Any CPU
		{EA942B8A-1F4D-4DB0-816E-F131B04DA6F3}.Release|Any CPU.Build.0 = Release|Any CPU
		{24ADB048-F857-4A72-A3D1-4D732B4F5193}.Debug|Any CPU.ActiveCfg = Debug|Any CPU
		{24ADB048-F857-4A72-A3D1-4D732B4F5193}.Debug|Any CPU.Build.0 = Debug|Any CPU
		{24ADB048-F857-4A72-A3D1-4D732B4F5193}.Release|Any CPU.ActiveCfg = Release|Any CPU
		{24ADB048-F857-4A72-A3D1-4D732B4F5193}.Release|Any CPU.Build.0 = Release|Any CPU
		{BB608F7A-64E6-4DD3-802C-86B61BAEAE16}.Debug|Any CPU.ActiveCfg = Debug|Any CPU
		{BB608F7A-64E6-4DD3-802C-86B61BAEAE16}.Debug|Any CPU.Build.0 = Debug|Any CPU
		{BB608F7A-64E6-4DD3-802C-86B61BAEAE16}.Release|Any CPU.ActiveCfg = Release|Any CPU
		{BB608F7A-64E6-4DD3-802C-86B61BAEAE16}.Release|Any CPU.Build.0 = Release|Any CPU
		{AD9CFC2D-D8DC-4B41-AE7D-363065C374C7}.Debug|Any CPU.ActiveCfg = Debug|Any CPU
		{AD9CFC2D-D8DC-4B41-AE7D-363065C374C7}.Debug|Any CPU.Build.0 = Debug|Any CPU
		{AD9CFC2D-D8DC-4B41-AE7D-363065C374C7}.Release|Any CPU.ActiveCfg = Release|Any CPU
		{AD9CFC2D-D8DC-4B41-AE7D-363065C374C7}.Release|Any CPU.Build.0 = Release|Any CPU
		{30E4A065-1871-452E-B616-4349E8ACD29D}.Debug|Any CPU.ActiveCfg = Debug|Any CPU
		{30E4A065-1871-452E-B616-4349E8ACD29D}.Debug|Any CPU.Build.0 = Debug|Any CPU
		{30E4A065-1871-452E-B616-4349E8ACD29D}.Release|Any CPU.ActiveCfg = Release|Any CPU
		{30E4A065-1871-452E-B616-4349E8ACD29D}.Release|Any CPU.Build.0 = Release|Any CPU
	EndGlobalSection
	GlobalSection(SolutionProperties) = preSolution
		HideSolutionNode = FALSE
	EndGlobalSection
	GlobalSection(ExtensibilityGlobals) = postSolution
		SolutionGuid = {83B644EC-C6E8-4AE0-9095-67F1E52264B7}
	EndGlobalSection
EndGlobal
