
Microsoft Visual Studio Solution File, Format Version 12.00
# Visual Studio Version 17
VisualStudioVersion = 17.5.33414.496
MinimumVisualStudioVersion = 10.0.40219.1
Project("{9A19103F-16F7-4668-BE54-9A1E7A4F7556}") = "BoxOfT", "BoxOfT\BoxOfT.csproj", "{FA377864-00DA-42FD-A587-6C3E46CE01F7}"
EndProject
Project("{FAE04EC0-301F-11D3-BF4B-00C04F79EFBC}") = "GenericArrayCreator", "GenericArrayCreator\GenericArrayCreator.csproj", "{90BC42CA-4041-48A6-8A94-E912360FB8D9}"
EndProject
Project("{FAE04EC0-301F-11D3-BF4B-00C04F79EFBC}") = "GenericScale", "GenericScale\GenericScale.csproj", "{231B9896-6FBD-4CDE-8CEF-408300AA9F04}"
EndProject
Global
	GlobalSection(SolutionConfigurationPlatforms) = preSolution
		Debug|Any CPU = Debug|Any CPU
		Release|Any CPU = Release|Any CPU
	EndGlobalSection
	GlobalSection(ProjectConfigurationPlatforms) = postSolution
		{FA377864-00DA-42FD-A587-6C3E46CE01F7}.Debug|Any CPU.ActiveCfg = Debug|Any CPU
		{FA377864-00DA-42FD-A587-6C3E46CE01F7}.Debug|Any CPU.Build.0 = Debug|Any CPU
		{FA377864-00DA-42FD-A587-6C3E46CE01F7}.Release|Any CPU.ActiveCfg = Release|Any CPU
		{FA377864-00DA-42FD-A587-6C3E46CE01F7}.Release|Any CPU.Build.0 = Release|Any CPU
		{90BC42CA-4041-48A6-8A94-E912360FB8D9}.Debug|Any CPU.ActiveCfg = Debug|Any CPU
		{90BC42CA-4041-48A6-8A94-E912360FB8D9}.Debug|Any CPU.Build.0 = Debug|Any CPU
		{90BC42CA-4041-48A6-8A94-E912360FB8D9}.Release|Any CPU.ActiveCfg = Release|Any CPU
		{90BC42CA-4041-48A6-8A94-E912360FB8D9}.Release|Any CPU.Build.0 = Release|Any CPU
		{231B9896-6FBD-4CDE-8CEF-408300AA9F04}.Debug|Any CPU.ActiveCfg = Debug|Any CPU
		{231B9896-6FBD-4CDE-8CEF-408300AA9F04}.Debug|Any CPU.Build.0 = Debug|Any CPU
		{231B9896-6FBD-4CDE-8CEF-408300AA9F04}.Release|Any CPU.ActiveCfg = Release|Any CPU
		{231B9896-6FBD-4CDE-8CEF-408300AA9F04}.Release|Any CPU.Build.0 = Release|Any CPU
	EndGlobalSection
	GlobalSection(SolutionProperties) = preSolution
		HideSolutionNode = FALSE
	EndGlobalSection
	GlobalSection(ExtensibilityGlobals) = postSolution
		SolutionGuid = {1B40DCE5-B933-494F-BF20-2615F4337A72}
	EndGlobalSection
EndGlobal
