
Microsoft Visual Studio Solution File, Format Version 12.00
# Visual Studio Version 17
VisualStudioVersion = 17.1.32210.238
MinimumVisualStudioVersion = 10.0.40219.1
Project("{FAE04EC0-301F-11D3-BF4B-00C04F79EFBC}") = "01. Data Types", "01. Data Types\01. Data Types.csproj", "{0B4D4104-D3D2-4D86-912A-29B3647D3E3B}"
EndProject
Project("{FAE04EC0-301F-11D3-BF4B-00C04F79EFBC}") = "02. Center Point", "02. Center Point\02. Center Point.csproj", "{EDC886A1-2ECA-45BD-82E7-19B345DC2A7C}"
EndProject
Project("{FAE04EC0-301F-11D3-BF4B-00C04F79EFBC}") = "03. Longer Line", "03. Longer Line\03. Longer Line.csproj", "{D2CF3A2D-7C11-40F4-9D03-51EC898FC15D}"
EndProject
Project("{FAE04EC0-301F-11D3-BF4B-00C04F79EFBC}") = "04. Tribonacci Sequence", "04. Tribonacci Sequence\04. Tribonacci Sequence.csproj", "{1617E290-1179-49B1-BEED-2E9D5F9306F1}"
EndProject
Project("{FAE04EC0-301F-11D3-BF4B-00C04F79EFBC}") = "05. Multiplication Sign", "05. Multiplication Sign\05. Multiplication Sign.csproj", "{E9A6E0EB-62E4-4478-A8DC-22AC134335E8}"
EndProject
Global
	GlobalSection(SolutionConfigurationPlatforms) = preSolution
		Debug|Any CPU = Debug|Any CPU
		Release|Any CPU = Release|Any CPU
	EndGlobalSection
	GlobalSection(ProjectConfigurationPlatforms) = postSolution
		{0B4D4104-D3D2-4D86-912A-29B3647D3E3B}.Debug|Any CPU.ActiveCfg = Debug|Any CPU
		{0B4D4104-D3D2-4D86-912A-29B3647D3E3B}.Debug|Any CPU.Build.0 = Debug|Any CPU
		{0B4D4104-D3D2-4D86-912A-29B3647D3E3B}.Release|Any CPU.ActiveCfg = Release|Any CPU
		{0B4D4104-D3D2-4D86-912A-29B3647D3E3B}.Release|Any CPU.Build.0 = Release|Any CPU
		{EDC886A1-2ECA-45BD-82E7-19B345DC2A7C}.Debug|Any CPU.ActiveCfg = Debug|Any CPU
		{EDC886A1-2ECA-45BD-82E7-19B345DC2A7C}.Debug|Any CPU.Build.0 = Debug|Any CPU
		{EDC886A1-2ECA-45BD-82E7-19B345DC2A7C}.Release|Any CPU.ActiveCfg = Release|Any CPU
		{EDC886A1-2ECA-45BD-82E7-19B345DC2A7C}.Release|Any CPU.Build.0 = Release|Any CPU
		{D2CF3A2D-7C11-40F4-9D03-51EC898FC15D}.Debug|Any CPU.ActiveCfg = Debug|Any CPU
		{D2CF3A2D-7C11-40F4-9D03-51EC898FC15D}.Debug|Any CPU.Build.0 = Debug|Any CPU
		{D2CF3A2D-7C11-40F4-9D03-51EC898FC15D}.Release|Any CPU.ActiveCfg = Release|Any CPU
		{D2CF3A2D-7C11-40F4-9D03-51EC898FC15D}.Release|Any CPU.Build.0 = Release|Any CPU
		{1617E290-1179-49B1-BEED-2E9D5F9306F1}.Debug|Any CPU.ActiveCfg = Debug|Any CPU
		{1617E290-1179-49B1-BEED-2E9D5F9306F1}.Debug|Any CPU.Build.0 = Debug|Any CPU
		{1617E290-1179-49B1-BEED-2E9D5F9306F1}.Release|Any CPU.ActiveCfg = Release|Any CPU
		{1617E290-1179-49B1-BEED-2E9D5F9306F1}.Release|Any CPU.Build.0 = Release|Any CPU
		{E9A6E0EB-62E4-4478-A8DC-22AC134335E8}.Debug|Any CPU.ActiveCfg = Debug|Any CPU
		{E9A6E0EB-62E4-4478-A8DC-22AC134335E8}.Debug|Any CPU.Build.0 = Debug|Any CPU
		{E9A6E0EB-62E4-4478-A8DC-22AC134335E8}.Release|Any CPU.ActiveCfg = Release|Any CPU
		{E9A6E0EB-62E4-4478-A8DC-22AC134335E8}.Release|Any CPU.Build.0 = Release|Any CPU
	EndGlobalSection
	GlobalSection(SolutionProperties) = preSolution
		HideSolutionNode = FALSE
	EndGlobalSection
	GlobalSection(ExtensibilityGlobals) = postSolution
		SolutionGuid = {1F4F6A07-03D5-44F0-933C-AF9C02A9D317}
	EndGlobalSection
EndGlobal
