
Microsoft Visual Studio Solution File, Format Version 12.00
# Visual Studio Version 17
VisualStudioVersion = 17.1.32210.238
MinimumVisualStudioVersion = 10.0.40219.1
Project("{FAE04EC0-301F-11D3-BF4B-00C04F79EFBC}") = "01. Ages", "01. Ages\01. Ages.csproj", "{A90E923F-20F5-40B1-B73E-92D21607E003}"
EndProject
Project("{FAE04EC0-301F-11D3-BF4B-00C04F79EFBC}") = "02. Division", "02. Division\02. Division.csproj", "{938F71E6-B655-4B6D-B1F3-DE1066ABE65E}"
EndProject
Project("{FAE04EC0-301F-11D3-BF4B-00C04F79EFBC}") = "03. Vacation", "03. Vacation\03. Vacation.csproj", "{DA360EB1-19C5-421B-81C3-FBFB05F3E2AE}"
EndProject
Project("{FAE04EC0-301F-11D3-BF4B-00C04F79EFBC}") = "04. Print and sum", "04. Print and sum\04. Print and sum.csproj", "{5697841C-0A4B-4103-B689-282F53DB0074}"
EndProject
Project("{FAE04EC0-301F-11D3-BF4B-00C04F79EFBC}") = "05. Login", "05. Login\05. Login.csproj", "{493BC112-B0C5-48A5-A2FD-3B865E9CAD38}"
EndProject
Project("{FAE04EC0-301F-11D3-BF4B-00C04F79EFBC}") = "06. Strong number", "06. Strong number\06. Strong number.csproj", "{6B0496AD-AF11-415F-AE54-93FB64EC2782}"
EndProject
Project("{FAE04EC0-301F-11D3-BF4B-00C04F79EFBC}") = "07. Vending Machine", "07. Vending Machine\07. Vending Machine.csproj", "{03A3225A-91F3-4E52-B86E-737713CA9666}"
EndProject
Project("{FAE04EC0-301F-11D3-BF4B-00C04F79EFBC}") = "08. Triangle of Numbers", "08. Triangle of Numbers\08. Triangle of Numbers.csproj", "{5027480D-55FE-464D-8309-48A4509B3828}"
EndProject
Project("{FAE04EC0-301F-11D3-BF4B-00C04F79EFBC}") = "09. Padawan Equipment", "09. Padawan Equipment\09. Padawan Equipment.csproj", "{04365D39-94D8-4E18-B4F6-09A6B3B79CE2}"
EndProject
Project("{FAE04EC0-301F-11D3-BF4B-00C04F79EFBC}") = "10. Rage Expenses", "10. Rage Expenses\10. Rage Expenses.csproj", "{3855FB96-D3E1-4CEE-B37F-8FA2172F0765}"
EndProject
Project("{FAE04EC0-301F-11D3-BF4B-00C04F79EFBC}") = "11. Orders", "11. Orders\11. Orders.csproj", "{A28EBF23-768F-44EB-A2E3-C781A06DB081}"
EndProject
Global
	GlobalSection(SolutionConfigurationPlatforms) = preSolution
		Debug|Any CPU = Debug|Any CPU
		Release|Any CPU = Release|Any CPU
	EndGlobalSection
	GlobalSection(ProjectConfigurationPlatforms) = postSolution
		{A90E923F-20F5-40B1-B73E-92D21607E003}.Debug|Any CPU.ActiveCfg = Debug|Any CPU
		{A90E923F-20F5-40B1-B73E-92D21607E003}.Debug|Any CPU.Build.0 = Debug|Any CPU
		{A90E923F-20F5-40B1-B73E-92D21607E003}.Release|Any CPU.ActiveCfg = Release|Any CPU
		{A90E923F-20F5-40B1-B73E-92D21607E003}.Release|Any CPU.Build.0 = Release|Any CPU
		{938F71E6-B655-4B6D-B1F3-DE1066ABE65E}.Debug|Any CPU.ActiveCfg = Debug|Any CPU
		{938F71E6-B655-4B6D-B1F3-DE1066ABE65E}.Debug|Any CPU.Build.0 = Debug|Any CPU
		{938F71E6-B655-4B6D-B1F3-DE1066ABE65E}.Release|Any CPU.ActiveCfg = Release|Any CPU
		{938F71E6-B655-4B6D-B1F3-DE1066ABE65E}.Release|Any CPU.Build.0 = Release|Any CPU
		{DA360EB1-19C5-421B-81C3-FBFB05F3E2AE}.Debug|Any CPU.ActiveCfg = Debug|Any CPU
		{DA360EB1-19C5-421B-81C3-FBFB05F3E2AE}.Debug|Any CPU.Build.0 = Debug|Any CPU
		{DA360EB1-19C5-421B-81C3-FBFB05F3E2AE}.Release|Any CPU.ActiveCfg = Release|Any CPU
		{DA360EB1-19C5-421B-81C3-FBFB05F3E2AE}.Release|Any CPU.Build.0 = Release|Any CPU
		{5697841C-0A4B-4103-B689-282F53DB0074}.Debug|Any CPU.ActiveCfg = Debug|Any CPU
		{5697841C-0A4B-4103-B689-282F53DB0074}.Debug|Any CPU.Build.0 = Debug|Any CPU
		{5697841C-0A4B-4103-B689-282F53DB0074}.Release|Any CPU.ActiveCfg = Release|Any CPU
		{5697841C-0A4B-4103-B689-282F53DB0074}.Release|Any CPU.Build.0 = Release|Any CPU
		{493BC112-B0C5-48A5-A2FD-3B865E9CAD38}.Debug|Any CPU.ActiveCfg = Debug|Any CPU
		{493BC112-B0C5-48A5-A2FD-3B865E9CAD38}.Debug|Any CPU.Build.0 = Debug|Any CPU
		{493BC112-B0C5-48A5-A2FD-3B865E9CAD38}.Release|Any CPU.ActiveCfg = Release|Any CPU
		{493BC112-B0C5-48A5-A2FD-3B865E9CAD38}.Release|Any CPU.Build.0 = Release|Any CPU
		{6B0496AD-AF11-415F-AE54-93FB64EC2782}.Debug|Any CPU.ActiveCfg = Debug|Any CPU
		{6B0496AD-AF11-415F-AE54-93FB64EC2782}.Debug|Any CPU.Build.0 = Debug|Any CPU
		{6B0496AD-AF11-415F-AE54-93FB64EC2782}.Release|Any CPU.ActiveCfg = Release|Any CPU
		{6B0496AD-AF11-415F-AE54-93FB64EC2782}.Release|Any CPU.Build.0 = Release|Any CPU
		{03A3225A-91F3-4E52-B86E-737713CA9666}.Debug|Any CPU.ActiveCfg = Debug|Any CPU
		{03A3225A-91F3-4E52-B86E-737713CA9666}.Debug|Any CPU.Build.0 = Debug|Any CPU
		{03A3225A-91F3-4E52-B86E-737713CA9666}.Release|Any CPU.ActiveCfg = Release|Any CPU
		{03A3225A-91F3-4E52-B86E-737713CA9666}.Release|Any CPU.Build.0 = Release|Any CPU
		{5027480D-55FE-464D-8309-48A4509B3828}.Debug|Any CPU.ActiveCfg = Debug|Any CPU
		{5027480D-55FE-464D-8309-48A4509B3828}.Debug|Any CPU.Build.0 = Debug|Any CPU
		{5027480D-55FE-464D-8309-48A4509B3828}.Release|Any CPU.ActiveCfg = Release|Any CPU
		{5027480D-55FE-464D-8309-48A4509B3828}.Release|Any CPU.Build.0 = Release|Any CPU
		{04365D39-94D8-4E18-B4F6-09A6B3B79CE2}.Debug|Any CPU.ActiveCfg = Debug|Any CPU
		{04365D39-94D8-4E18-B4F6-09A6B3B79CE2}.Debug|Any CPU.Build.0 = Debug|Any CPU
		{04365D39-94D8-4E18-B4F6-09A6B3B79CE2}.Release|Any CPU.ActiveCfg = Release|Any CPU
		{04365D39-94D8-4E18-B4F6-09A6B3B79CE2}.Release|Any CPU.Build.0 = Release|Any CPU
		{3855FB96-D3E1-4CEE-B37F-8FA2172F0765}.Debug|Any CPU.ActiveCfg = Debug|Any CPU
		{3855FB96-D3E1-4CEE-B37F-8FA2172F0765}.Debug|Any CPU.Build.0 = Debug|Any CPU
		{3855FB96-D3E1-4CEE-B37F-8FA2172F0765}.Release|Any CPU.ActiveCfg = Release|Any CPU
		{3855FB96-D3E1-4CEE-B37F-8FA2172F0765}.Release|Any CPU.Build.0 = Release|Any CPU
		{A28EBF23-768F-44EB-A2E3-C781A06DB081}.Debug|Any CPU.ActiveCfg = Debug|Any CPU
		{A28EBF23-768F-44EB-A2E3-C781A06DB081}.Debug|Any CPU.Build.0 = Debug|Any CPU
		{A28EBF23-768F-44EB-A2E3-C781A06DB081}.Release|Any CPU.ActiveCfg = Release|Any CPU
		{A28EBF23-768F-44EB-A2E3-C781A06DB081}.Release|Any CPU.Build.0 = Release|Any CPU
	EndGlobalSection
	GlobalSection(SolutionProperties) = preSolution
		HideSolutionNode = FALSE
	EndGlobalSection
	GlobalSection(ExtensibilityGlobals) = postSolution
		SolutionGuid = {97CCF74D-5A37-41F2-B11F-FD846379EB58}
	EndGlobalSection
EndGlobal
