
Microsoft Visual Studio Solution File, Format Version 12.00
# Visual Studio Version 17
VisualStudioVersion = 17.9.34607.119
MinimumVisualStudioVersion = 10.0.40219.1
Project("{FAE04EC0-301F-11D3-BF4B-00C04F79EFBC}") = "URLDecode", "URLDecode\URLDecode.csproj", "{DD88A71A-2C88-4DDA-8149-219D4D24160E}"
EndProject
Project("{FAE04EC0-301F-11D3-BF4B-00C04F79EFBC}") = "ValidateURL", "ValidateURL\ValidateURL.csproj", "{6934984D-9204-4F5C-B76A-68B79490BACD}"
EndProject
Global
	GlobalSection(SolutionConfigurationPlatforms) = preSolution
		Debug|Any CPU = Debug|Any CPU
		Release|Any CPU = Release|Any CPU
	EndGlobalSection
	GlobalSection(ProjectConfigurationPlatforms) = postSolution
		{DD88A71A-2C88-4DDA-8149-219D4D24160E}.Debug|Any CPU.ActiveCfg = Debug|Any CPU
		{DD88A71A-2C88-4DDA-8149-219D4D24160E}.Debug|Any CPU.Build.0 = Debug|Any CPU
		{DD88A71A-2C88-4DDA-8149-219D4D24160E}.Release|Any CPU.ActiveCfg = Release|Any CPU
		{DD88A71A-2C88-4DDA-8149-219D4D24160E}.Release|Any CPU.Build.0 = Release|Any CPU
		{6934984D-9204-4F5C-B76A-68B79490BACD}.Debug|Any CPU.ActiveCfg = Debug|Any CPU
		{6934984D-9204-4F5C-B76A-68B79490BACD}.Debug|Any CPU.Build.0 = Debug|Any CPU
		{6934984D-9204-4F5C-B76A-68B79490BACD}.Release|Any CPU.ActiveCfg = Release|Any CPU
		{6934984D-9204-4F5C-B76A-68B79490BACD}.Release|Any CPU.Build.0 = Release|Any CPU
	EndGlobalSection
	GlobalSection(SolutionProperties) = preSolution
		HideSolutionNode = FALSE
	EndGlobalSection
	GlobalSection(ExtensibilityGlobals) = postSolution
		SolutionGuid = {9F9BCF53-1198-4FC0-B182-BE0A6687DD48}
	EndGlobalSection
EndGlobal
