
Microsoft Visual Studio Solution File, Format Version 12.00
# Visual Studio Version 17
VisualStudioVersion = 17.6.33829.357
MinimumVisualStudioVersion = 10.0.40219.1
Project("{FAE04EC0-301F-11D3-BF4B-00C04F79EFBC}") = "Singleton", "Singleton\Singleton.csproj", "{07B22C40-39F0-416D-AAFB-85B4D9939804}"
EndProject
Project("{FAE04EC0-301F-11D3-BF4B-00C04F79EFBC}") = "Façade", "Façade\Façade.csproj", "{84CF6EE1-FFAC-4EFB-92CF-F617969DFBED}"
EndProject
Project("{FAE04EC0-301F-11D3-BF4B-00C04F79EFBC}") = "CommandPattern", "CommandPattern\CommandPattern.csproj", "{C6D65F29-0070-4269-BD81-B6DEF9DEA321}"
EndProject
Global
	GlobalSection(SolutionConfigurationPlatforms) = preSolution
		Debug|Any CPU = Debug|Any CPU
		Release|Any CPU = Release|Any CPU
	EndGlobalSection
	GlobalSection(ProjectConfigurationPlatforms) = postSolution
		{07B22C40-39F0-416D-AAFB-85B4D9939804}.Debug|Any CPU.ActiveCfg = Debug|Any CPU
		{07B22C40-39F0-416D-AAFB-85B4D9939804}.Debug|Any CPU.Build.0 = Debug|Any CPU
		{07B22C40-39F0-416D-AAFB-85B4D9939804}.Release|Any CPU.ActiveCfg = Release|Any CPU
		{07B22C40-39F0-416D-AAFB-85B4D9939804}.Release|Any CPU.Build.0 = Release|Any CPU
		{84CF6EE1-FFAC-4EFB-92CF-F617969DFBED}.Debug|Any CPU.ActiveCfg = Debug|Any CPU
		{84CF6EE1-FFAC-4EFB-92CF-F617969DFBED}.Debug|Any CPU.Build.0 = Debug|Any CPU
		{84CF6EE1-FFAC-4EFB-92CF-F617969DFBED}.Release|Any CPU.ActiveCfg = Release|Any CPU
		{84CF6EE1-FFAC-4EFB-92CF-F617969DFBED}.Release|Any CPU.Build.0 = Release|Any CPU
		{C6D65F29-0070-4269-BD81-B6DEF9DEA321}.Debug|Any CPU.ActiveCfg = Debug|Any CPU
		{C6D65F29-0070-4269-BD81-B6DEF9DEA321}.Debug|Any CPU.Build.0 = Debug|Any CPU
		{C6D65F29-0070-4269-BD81-B6DEF9DEA321}.Release|Any CPU.ActiveCfg = Release|Any CPU
		{C6D65F29-0070-4269-BD81-B6DEF9DEA321}.Release|Any CPU.Build.0 = Release|Any CPU
	EndGlobalSection
	GlobalSection(SolutionProperties) = preSolution
		HideSolutionNode = FALSE
	EndGlobalSection
	GlobalSection(ExtensibilityGlobals) = postSolution
		SolutionGuid = {DBC73049-BEFD-4CFF-AC26-6AB8E84AAC0E}
	EndGlobalSection
EndGlobal
